<?xml version="1.0" encoding="utf-8"?>
<Project ToolsVersion="4.0" xmlns="http://schemas.microsoft.com/developer/msbuild/2003">
  <ItemGroup>
    <Filter Include="main">
      <UniqueIdentifier>{4FC737F1-C7A5-4376-A066-2A32D752A2FF}</UniqueIdentifier>
      <Extensions>cpp;c;cc;cxx;def;odl;idl;hpj;bat;asm;asmx</Extensions>
    </Filter>
    <Filter Include="Header Files">
      <UniqueIdentifier>{e9b43d40-0ee6-489a-9e39-a49b2acd6f42}</UniqueIdentifier>
    </Filter>
    <Filter Include="Source Files">
      <UniqueIdentifier>{a9683579-8094-423c-94bc-60274c645a0f}</UniqueIdentifier>
    </Filter>
    <Filter Include="Atmosphere">
      <UniqueIdentifier>{13e4f01d-af07-4edb-b5e6-54a436eb29fb}</UniqueIdentifier>
    </Filter>
  </ItemGroup>
  <ItemGroup>
    <ClCompile Include="Client.cpp">
      <Filter>main</Filter>
    </ClCompile>
    <ClCompile Include="stdafx.cpp">
      <Filter>main</Filter>
    </ClCompile>
    <ClCompile Include="cDemoControl.cpp">
      <Filter>Source Files</Filter>
    </ClCompile>
    <ClCompile Include="cGraphicsWindow.cpp">
      <Filter>Source Files</Filter>
    </ClCompile>
    <ClCompile Include="cGraphics%27Window.cpp">
      <Filter>Source Files</Filter>
    </ClCompile>
    <ClCompile Include="cLoginControl.cpp">
      <Filter>Source Files</Filter>
    </ClCompile>
    <ClCompile Include="cObjectContainer.cpp">
      <Filter>Source Files</Filter>
    </ClCompile>
    <ClCompile Include="cObjectWindow.cpp">
      <Filter>Source Files</Filter>
    </ClCompile>
    <ClCompile Include="cOcean.cpp">
      <Filter>Source Files</Filter>
    </ClCompile>
    <ClCompile Include="cPointLight.cpp">
      <Filter>Source Files</Filter>
    </ClCompile>
    <ClCompile Include="cWoodyLoader.cpp">
      <Filter>Source Files</Filter>
    </ClCompile>
    <ClCompile Include="cWoodyTree.cpp">
      <Filter>Source Files</Filter>
    </ClCompile>
    <ClCompile Include="Global_GameData.cpp">
      <Filter>Source Files</Filter>
    </ClCompile>
    <ClCompile Include="Network_DemoControl.cpp">
      <Filter>Source Files</Filter>
    </ClCompile>
    <ClCompile Include="Terrain.cpp">
      <Filter>Source Files</Filter>
    </ClCompile>
    <ClCompile Include="UI_Camera.cpp">
      <Filter>Source Files</Filter>
    </ClCompile>
    <ClCompile Include="UI_LoginControl.cpp">
      <Filter>Source Files</Filter>
    </ClCompile>
    <ClCompile Include="UI_Ocean.cpp">
      <Filter>Source Files</Filter>
    </ClCompile>
    <ClCompile Include="UI_Terrain.cpp">
      <Filter>Source Files</Filter>
    </ClCompile>
    <ClCompile Include="cCharacterSelection.cpp">
      <Filter>Source Files</Filter>
    </ClCompile>
    <ClCompile Include="cChatWindow.cpp">
      <Filter>Source Files</Filter>
    </ClCompile>
    <ClCompile Include="cClouds.cpp">
      <Filter>Atmosphere</Filter>
    </ClCompile>
    <ClCompile Include="cGlobalLight.cpp">
      <Filter>Atmosphere</Filter>
    </ClCompile>
    <ClCompile Include="WeatherEffects.cpp">
      <Filter>Atmosphere</Filter>
    </ClCompile>
    <ClCompile Include="cD3DApp.cpp">
      <Filter>main</Filter>
    </ClCompile>
  </ItemGroup>
  <ItemGroup>
    <ClInclude Include="stdafx.h">
      <Filter>main</Filter>
    </ClInclude>
    <ClInclude Include="cObjectContainer.h">
      <Filter>Header Files</Filter>
    </ClInclude>
    <ClInclude Include="cObjectWindow.h">
      <Filter>Header Files</Filter>
    </ClInclude>
    <ClInclude Include="cOcean.h">
      <Filter>Header Files</Filter>
    </ClInclude>
    <ClInclude Include="cPointLight.h">
      <Filter>Header Files</Filter>
    </ClInclude>
    <ClInclude Include="cTerrainWindow.h">
      <Filter>Header Files</Filter>
    </ClInclude>
    <ClInclude Include="cWoodyLoader.h">
      <Filter>Header Files</Filter>
    </ClInclude>
    <ClInclude Include="cWoodyTree.h">
      <Filter>Header Files</Filter>
    </ClInclude>
    <ClInclude Include="Global_GameData.h">
      <Filter>Header Files</Filter>
    </ClInclude>
    <ClInclude Include="Network_DemoControl.h">
      <Filter>Header Files</Filter>
    </ClInclude>
    <ClInclude Include="Terrain.h">
      <Filter>Header Files</Filter>
    </ClInclude>
    <ClInclude Include="TestingObj.h">
      <Filter>Header Files</Filter>
    </ClInclude>
    <ClInclude Include="UI_LoginControl.h">
      <Filter>Header Files</Filter>
    </ClInclude>
    <ClInclude Include="UI_Ocean.h">
      <Filter>Header Files</Filter>
    </ClInclude>
    <ClInclude Include="UI_Terrain.h">
      <Filter>Header Files</Filter>
    </ClInclude>
    <ClInclude Include="cCharacterSelection.h">
      <Filter>Header Files</Filter>
    </ClInclude>
    <ClInclude Include="cChatWindow.h">
      <Filter>Header Files</Filter>
    </ClInclude>
    <ClInclude Include="cDemoControl.h">
      <Filter>Header Files</Filter>
    </ClInclude>
    <ClInclude Include="cGraphicsWindow.h">
      <Filter>Header Files</Filter>
    </ClInclude>
    <ClInclude Include="cLoginControl.h">
      <Filter>Header Files</Filter>
    </ClInclude>
    <ClInclude Include="cClouds.h">
      <Filter>Atmosphere</Filter>
    </ClInclude>
    <ClInclude Include="cGlobalLight.h">
      <Filter>Atmosphere</Filter>
    </ClInclude>
    <ClInclude Include="WeatherEffects.h">
      <Filter>Atmosphere</Filter>
    </ClInclude>
    <ClInclude Include="cD3DApp.h">
      <Filter>main</Filter>
    </ClInclude>
  </ItemGroup>
</Project>