<?xml version="1.0" encoding="utf-8"?>
<Project ToolsVersion="4.0" xmlns="http://schemas.microsoft.com/developer/msbuild/2003">
  <ItemGroup>
    <Filter Include="Widgets">
      <UniqueIdentifier>{e49c09ac-5f5a-4898-9075-226201c4fa5f}</UniqueIdentifier>
    </Filter>
    <Filter Include="Widgets\Controls">
      <UniqueIdentifier>{ff7c95a9-9d2f-45e3-ae4e-6f5f23020874}</UniqueIdentifier>
    </Filter>
    <Filter Include="Widgets\Core">
      <UniqueIdentifier>{5d2ef46f-299f-4867-ba00-77dec2787863}</UniqueIdentifier>
    </Filter>
  </ItemGroup>
  <ItemGroup>
    <ClInclude Include="Button.h">
      <Filter>Widgets\Controls</Filter>
    </ClInclude>
    <ClInclude Include="CheckBox.h">
      <Filter>Widgets\Controls</Filter>
    </ClInclude>
    <ClInclude Include="Collapsible_List.h">
      <Filter>Widgets\Controls</Filter>
    </ClInclude>
    <ClInclude Include="ColorPickerWindow.h">
      <Filter>Widgets\Controls</Filter>
    </ClInclude>
    <ClInclude Include="DropDown.h">
      <Filter>Widgets\Controls</Filter>
    </ClInclude>
    <ClInclude Include="File_Selector.h">
      <Filter>Widgets\Controls</Filter>
    </ClInclude>
    <ClInclude Include="Image.h">
      <Filter>Widgets\Controls</Filter>
    </ClInclude>
    <ClInclude Include="List_Box.h">
      <Filter>Widgets\Controls</Filter>
    </ClInclude>
    <ClInclude Include="MY_UI_Camera.h">
      <Filter>Widgets\Controls</Filter>
    </ClInclude>
    <ClInclude Include="RadioButton.h">
      <Filter>Widgets\Controls</Filter>
    </ClInclude>
    <ClInclude Include="Resizable.h">
      <Filter>Widgets\Controls</Filter>
    </ClInclude>
    <ClInclude Include="Scrollable.h">
      <Filter>Widgets\Controls</Filter>
    </ClInclude>
    <ClInclude Include="Slider.h">
      <Filter>Widgets\Controls</Filter>
    </ClInclude>
    <ClInclude Include="Tab_Control.h">
      <Filter>Widgets\Controls</Filter>
    </ClInclude>
    <ClInclude Include="Text.h">
      <Filter>Widgets\Controls</Filter>
    </ClInclude>
    <ClInclude Include="TextBox.h">
      <Filter>Widgets\Controls</Filter>
    </ClInclude>
    <ClInclude Include="Value_Adjuster.h">
      <Filter>Widgets\Controls</Filter>
    </ClInclude>
    <ClInclude Include="Window.h">
      <Filter>Widgets\Controls</Filter>
    </ClInclude>
    <ClInclude Include="cWidgetBase.h">
      <Filter>Widgets\Core</Filter>
    </ClInclude>
    <ClInclude Include="cWidgetInternals.h">
      <Filter>Widgets\Core</Filter>
    </ClInclude>
    <ClInclude Include="cWidgetSkin.h">
      <Filter>Widgets\Core</Filter>
    </ClInclude>
    <ClInclude Include="cWidgetUtilities.h">
      <Filter>Widgets\Core</Filter>
    </ClInclude>
    <ClInclude Include="ApplicationLayer.h">
      <Filter>Widgets\Core</Filter>
    </ClInclude>
    <ClInclude Include="PCH.h" />
    <ClInclude Include="Objects_3d.h">
      <Filter>Widgets\Controls</Filter>
    </ClInclude>
    <ClInclude Include="cWidgetEvents.h">
      <Filter>Widgets\Core</Filter>
    </ClInclude>
  </ItemGroup>
  <ItemGroup>
    <ClCompile Include="Button.cpp">
      <Filter>Widgets\Controls</Filter>
    </ClCompile>
    <ClCompile Include="CheckBox.cpp">
      <Filter>Widgets\Controls</Filter>
    </ClCompile>
    <ClCompile Include="Collapsible_List.cpp">
      <Filter>Widgets\Controls</Filter>
    </ClCompile>
    <ClCompile Include="ColorPickerWindow.cpp">
      <Filter>Widgets\Controls</Filter>
    </ClCompile>
    <ClCompile Include="DropDown.cpp">
      <Filter>Widgets\Controls</Filter>
    </ClCompile>
    <ClCompile Include="File_Selector.cpp">
      <Filter>Widgets\Controls</Filter>
    </ClCompile>
    <ClCompile Include="Image.cpp">
      <Filter>Widgets\Controls</Filter>
    </ClCompile>
    <ClCompile Include="List_Box.cpp">
      <Filter>Widgets\Controls</Filter>
    </ClCompile>
    <ClCompile Include="MY_UI_Camera.cpp">
      <Filter>Widgets\Controls</Filter>
    </ClCompile>
    <ClCompile Include="RadioButton.cpp">
      <Filter>Widgets\Controls</Filter>
    </ClCompile>
    <ClCompile Include="Resizeable.cpp">
      <Filter>Widgets\Controls</Filter>
    </ClCompile>
    <ClCompile Include="Scrollable.cpp">
      <Filter>Widgets\Controls</Filter>
    </ClCompile>
    <ClCompile Include="Tab_Control.cpp">
      <Filter>Widgets\Controls</Filter>
    </ClCompile>
    <ClCompile Include="Text.cpp">
      <Filter>Widgets\Controls</Filter>
    </ClCompile>
    <ClCompile Include="TextBox.cpp">
      <Filter>Widgets\Controls</Filter>
    </ClCompile>
    <ClCompile Include="Value_Adjuster.cpp">
      <Filter>Widgets\Controls</Filter>
    </ClCompile>
    <ClCompile Include="Window.cpp">
      <Filter>Widgets\Controls</Filter>
    </ClCompile>
    <ClCompile Include="cWidgetBase.cpp">
      <Filter>Widgets\Core</Filter>
    </ClCompile>
    <ClCompile Include="cWidgetInternals.cpp">
      <Filter>Widgets\Core</Filter>
    </ClCompile>
    <ClCompile Include="cWidgetUtilities.cpp">
      <Filter>Widgets\Core</Filter>
    </ClCompile>
    <ClCompile Include="PCH.cpp" />
    <ClCompile Include="Objects_3d.cpp">
      <Filter>Widgets\Controls</Filter>
    </ClCompile>
    <ClCompile Include="cWidgetEvents.cpp">
      <Filter>Widgets\Core</Filter>
    </ClCompile>
  </ItemGroup>
</Project>