
Microsoft Visual Studio Solution File, Format Version 12.00
# Visual Studio 2012
Project("{8BC9CEB8-8B4A-11D0-8D11-00A0C91BC942}") = "Threading_Example", "Threading\Threading.vcxproj", "{C91B3107-DAA0-430E-81E4-2B78A274E24A}"
	ProjectSection(ProjectDependencies) = postProject
		{D930AA25-6AE7-4292-BF2A-BA9CA7F04A69} = {D930AA25-6AE7-4292-BF2A-BA9CA7F04A69}
		{581B6B61-E4C5-4437-A5D9-ABB4D3C9F246} = {581B6B61-E4C5-4437-A5D9-ABB4D3C9F246}
		{CAFE228E-AA00-49B1-9217-A420ABECCD55} = {CAFE228E-AA00-49B1-9217-A420ABECCD55}
	EndProjectSection
EndProject
Project("{8BC9CEB8-8B4A-11D0-8D11-00A0C91BC942}") = "MY_UI_Lib", "MY_UI\MY_UI_Lib.vcxproj", "{7C931053-CF6E-6790-BDDF-D71215744090}"
EndProject
Project("{8BC9CEB8-8B4A-11D0-8D11-00A0C91BC942}") = "Utilities_Lib", "Utilities\System_Utilities.vcxproj", "{BBEB2BFA-69C0-10F2-DC4B-C8B3A3542F0C}"
EndProject
Project("{8BC9CEB8-8B4A-11D0-8D11-00A0C91BC942}") = "Graphics_Lib", "Graphics_Lib\Graphics_Lib.vcxproj", "{97F8D958-DB4A-8705-918D-E3091C87AE3A}"
	ProjectSection(ProjectDependencies) = postProject
		{7C931053-CF6E-6790-BDDF-D71215744090} = {7C931053-CF6E-6790-BDDF-D71215744090}
		{5691E159-2D9B-407F-971F-EA5C592DC524} = {5691E159-2D9B-407F-971F-EA5C592DC524}
		{B02282C5-E3C4-4180-899F-60383017AD25} = {B02282C5-E3C4-4180-899F-60383017AD25}
	EndProjectSection
EndProject
Project("{8BC9CEB8-8B4A-11D0-8D11-00A0C91BC942}") = "Sound_Lib", "Sound_Lib\Sound_Lib.vcxproj", "{44BD528F-0044-7296-2EFC-E2EE37BE92AF}"
	ProjectSection(ProjectDependencies) = postProject
		{BBEB2BFA-69C0-10F2-DC4B-C8B3A3542F0C} = {BBEB2BFA-69C0-10F2-DC4B-C8B3A3542F0C}
	EndProjectSection
EndProject
Project("{8BC9CEB8-8B4A-11D0-8D11-00A0C91BC942}") = "Physics_Lib", "Physics_Lib\Physics_Lib.vcxproj", "{DE26EA7B-EF46-4E66-F6B0-A20A06A5DFAA}"
	ProjectSection(ProjectDependencies) = postProject
		{BBEB2BFA-69C0-10F2-DC4B-C8B3A3542F0C} = {BBEB2BFA-69C0-10F2-DC4B-C8B3A3542F0C}
	EndProjectSection
EndProject
Project("{8BC9CEB8-8B4A-11D0-8D11-00A0C91BC942}") = "Common_Game_Objects_Lib", "Common_Game_Objects_Lib\Common_Game_Objects_Lib.vcxproj", "{6FB3457B-204D-35A4-AE91-D5D8F6D7A01C}"
	ProjectSection(ProjectDependencies) = postProject
		{DE26EA7B-EF46-4E66-F6B0-A20A06A5DFAA} = {DE26EA7B-EF46-4E66-F6B0-A20A06A5DFAA}
		{BBEB2BFA-69C0-10F2-DC4B-C8B3A3542F0C} = {BBEB2BFA-69C0-10F2-DC4B-C8B3A3542F0C}
	EndProjectSection
EndProject
Project("{8BC9CEB8-8B4A-11D0-8D11-00A0C91BC942}") = "Patcher", "Patcher\Patcher.vcxproj", "{0F2A5970-5C29-4C0A-8064-167EA48DF2A7}"
EndProject
Project("{8BC9CEB8-8B4A-11D0-8D11-00A0C91BC942}") = "Network_Chat_Client_Example", "Network_Examples\Chat_Client.vcxproj", "{D452424E-5A2F-4165-9457-CB9FFBDFE498}"
	ProjectSection(ProjectDependencies) = postProject
		{C91B3107-DAA0-430E-81E4-2B78A274E24A} = {C91B3107-DAA0-430E-81E4-2B78A274E24A}
		{D930AA25-6AE7-4292-BF2A-BA9CA7F04A69} = {D930AA25-6AE7-4292-BF2A-BA9CA7F04A69}
		{CAFE228E-AA00-49B1-9217-A420ABECCD55} = {CAFE228E-AA00-49B1-9217-A420ABECCD55}
	EndProjectSection
EndProject
Project("{8BC9CEB8-8B4A-11D0-8D11-00A0C91BC942}") = "Network_Chat_Server_Example", "Network_Examples\Chat_Server.vcxproj", "{659BBD5F-523C-4546-AF1D-4ADE451C8DE5}"
	ProjectSection(ProjectDependencies) = postProject
		{BBEB2BFA-69C0-10F2-DC4B-C8B3A3542F0C} = {BBEB2BFA-69C0-10F2-DC4B-C8B3A3542F0C}
	EndProjectSection
EndProject
Project("{8BC9CEB8-8B4A-11D0-8D11-00A0C91BC942}") = "Network_Standard_Client_Example", "Network_Examples\Standard_Client.vcxproj", "{17BB21C3-42BB-496F-BB60-025B89CCCF24}"
	ProjectSection(ProjectDependencies) = postProject
		{BBEB2BFA-69C0-10F2-DC4B-C8B3A3542F0C} = {BBEB2BFA-69C0-10F2-DC4B-C8B3A3542F0C}
	EndProjectSection
EndProject
Project("{8BC9CEB8-8B4A-11D0-8D11-00A0C91BC942}") = "Network_Standard_Server_Example", "Network_Examples\Standard_Server.vcxproj", "{63A91429-2A55-46AB-A7CC-398F2F95A55E}"
	ProjectSection(ProjectDependencies) = postProject
		{BBEB2BFA-69C0-10F2-DC4B-C8B3A3542F0C} = {BBEB2BFA-69C0-10F2-DC4B-C8B3A3542F0C}
	EndProjectSection
EndProject
Project("{8BC9CEB8-8B4A-11D0-8D11-00A0C91BC942}") = "Allocator_Example", "Allocator_Example\Allocator_Example.vcxproj", "{9E5BFD26-DD32-345E-2BF2-D68E00CBE467}"
	ProjectSection(ProjectDependencies) = postProject
		{D930AA25-6AE7-4292-BF2A-BA9CA7F04A69} = {D930AA25-6AE7-4292-BF2A-BA9CA7F04A69}
		{BBEB2BFA-69C0-10F2-DC4B-C8B3A3542F0C} = {BBEB2BFA-69C0-10F2-DC4B-C8B3A3542F0C}
	EndProjectSection
EndProject
Project("{8BC9CEB8-8B4A-11D0-8D11-00A0C91BC942}") = "MY_UI_DX_Example", "MY_UI\MY_UI_DX_Example.vcxproj", "{77716951-B61E-48C6-9D16-DE0B2E159AB0}"
	ProjectSection(ProjectDependencies) = postProject
		{94AEC603-4456-4AA3-BF33-3AF22C092131} = {94AEC603-4456-4AA3-BF33-3AF22C092131}
		{7C931053-CF6E-6790-BDDF-D71215744090} = {7C931053-CF6E-6790-BDDF-D71215744090}
		{BBEB2BFA-69C0-10F2-DC4B-C8B3A3542F0C} = {BBEB2BFA-69C0-10F2-DC4B-C8B3A3542F0C}
	EndProjectSection
EndProject
Project("{8BC9CEB8-8B4A-11D0-8D11-00A0C91BC942}") = "Crypto++_Lib", "crypto++\cryptlib.vcxproj", "{3423EC9A-52E4-4A4D-9753-EDEBC38785EF}"
EndProject
Project("{8BC9CEB8-8B4A-11D0-8D11-00A0C91BC942}") = "Ocean_Demo", "Ocean_Demo\Ocean_Demo.vcxproj", "{EBE80B4D-6BAD-4FB9-B4F6-448E431D5891}"
	ProjectSection(ProjectDependencies) = postProject
		{94AEC603-4456-4AA3-BF33-3AF22C092131} = {94AEC603-4456-4AA3-BF33-3AF22C092131}
		{7C931053-CF6E-6790-BDDF-D71215744090} = {7C931053-CF6E-6790-BDDF-D71215744090}
		{97F8D958-DB4A-8705-918D-E3091C87AE3A} = {97F8D958-DB4A-8705-918D-E3091C87AE3A}
		{B02282C5-E3C4-4180-899F-60383017AD25} = {B02282C5-E3C4-4180-899F-60383017AD25}
	EndProjectSection
EndProject
Project("{8BC9CEB8-8B4A-11D0-8D11-00A0C91BC942}") = "Template_Project", "Template_Project\Template_Project.vcxproj", "{00498EC6-B43C-47B4-A3FF-923017ECE631}"
	ProjectSection(ProjectDependencies) = postProject
		{94AEC603-4456-4AA3-BF33-3AF22C092131} = {94AEC603-4456-4AA3-BF33-3AF22C092131}
		{7C931053-CF6E-6790-BDDF-D71215744090} = {7C931053-CF6E-6790-BDDF-D71215744090}
		{97F8D958-DB4A-8705-918D-E3091C87AE3A} = {97F8D958-DB4A-8705-918D-E3091C87AE3A}
	EndProjectSection
EndProject
Project("{8BC9CEB8-8B4A-11D0-8D11-00A0C91BC942}") = "MY_UI_DX_Renderer_Lib", "MY_UI\MY_UI_DX_Renderer_Lib.vcxproj", "{94AEC603-4456-4AA3-BF33-3AF22C092131}"
	ProjectSection(ProjectDependencies) = postProject
		{7C931053-CF6E-6790-BDDF-D71215744090} = {7C931053-CF6E-6790-BDDF-D71215744090}
	EndProjectSection
EndProject
Project("{8BC9CEB8-8B4A-11D0-8D11-00A0C91BC942}") = "MY_UI_GL_Example", "MY_UI\MY_UI_GL_Example.vcxproj", "{0B3C6E83-5AFF-4940-93B4-8955F9539F27}"
	ProjectSection(ProjectDependencies) = postProject
		{833C6311-CE7F-49EF-9B4A-8926F836D0FC} = {833C6311-CE7F-49EF-9B4A-8926F836D0FC}
		{7C931053-CF6E-6790-BDDF-D71215744090} = {7C931053-CF6E-6790-BDDF-D71215744090}
	EndProjectSection
EndProject
Project("{8BC9CEB8-8B4A-11D0-8D11-00A0C91BC942}") = "MY_UI_GL_Renderer_Lib", "MY_UI\MY_UI_GL_Renderer_Lib.vcxproj", "{833C6311-CE7F-49EF-9B4A-8926F836D0FC}"
	ProjectSection(ProjectDependencies) = postProject
		{7C931053-CF6E-6790-BDDF-D71215744090} = {7C931053-CF6E-6790-BDDF-D71215744090}
		{834660E5-EC07-4B22-AD4A-5C516E064699} = {834660E5-EC07-4B22-AD4A-5C516E064699}
		{9E219DF2-315D-478E-8A07-8960C377CE1E} = {9E219DF2-315D-478E-8A07-8960C377CE1E}
	EndProjectSection
EndProject
Project("{2150E333-8FDC-42A3-9474-1A3956D46DE8}") = "FreeImage_Library", "FreeImage_Library", "{55CE1598-4700-4CED-A74B-2A6F6BAB3237}"
EndProject
Project("{8BC9CEB8-8B4A-11D0-8D11-00A0C91BC942}") = "FreeImageLib", "FreeImage\Source\FreeImageLib\FreeImageLib.2008.vcxproj", "{9E219DF2-315D-478E-8A07-8960C377CE1E}"
	ProjectSection(ProjectDependencies) = postProject
		{E3536C28-A7F1-4B53-8E52-7D2232F9E098} = {E3536C28-A7F1-4B53-8E52-7D2232F9E098}
		{17A4874B-0606-4687-90B6-F91F8CB3B8AF} = {17A4874B-0606-4687-90B6-F91F8CB3B8AF}
		{7DB10B50-CE00-4D7A-B322-6824F05D2FCB} = {7DB10B50-CE00-4D7A-B322-6824F05D2FCB}
		{5E1D4E5F-E10C-4BA3-B663-F33014FD21D9} = {5E1D4E5F-E10C-4BA3-B663-F33014FD21D9}
		{33134F61-C1AD-4B6F-9CEA-503A9F140C52} = {33134F61-C1AD-4B6F-9CEA-503A9F140C52}
		{EC085CBD-E9C3-477F-9A97-CB9D5DA30E27} = {EC085CBD-E9C3-477F-9A97-CB9D5DA30E27}
		{07F662C1-1323-42AB-B6AF-FBFD34A7437A} = {07F662C1-1323-42AB-B6AF-FBFD34A7437A}
	EndProjectSection
EndProject
Project("{8BC9CEB8-8B4A-11D0-8D11-00A0C91BC942}") = "LibJPEG", "FreeImage\Source\LibJPEG\LibJPEG.2008.vcxproj", "{5E1D4E5F-E10C-4BA3-B663-F33014FD21D9}"
EndProject
Project("{8BC9CEB8-8B4A-11D0-8D11-00A0C91BC942}") = "LibOpenJPEG", "FreeImage\Source\LibOpenJPEG\LibOpenJPEG.2008.vcxproj", "{E3536C28-A7F1-4B53-8E52-7D2232F9E098}"
EndProject
Project("{8BC9CEB8-8B4A-11D0-8D11-00A0C91BC942}") = "LibPNG", "FreeImage\Source\LibPNG\LibPNG.2008.vcxproj", "{7DB10B50-CE00-4D7A-B322-6824F05D2FCB}"
EndProject
Project("{8BC9CEB8-8B4A-11D0-8D11-00A0C91BC942}") = "LibRaw", "FreeImage\Source\LibRawLite\LibRawLite.2008.vcxproj", "{07F662C1-1323-42AB-B6AF-FBFD34A7437A}"
EndProject
Project("{8BC9CEB8-8B4A-11D0-8D11-00A0C91BC942}") = "LibTIFF4", "FreeImage\Source\LibTIFF4\LibTIFF4.2008.vcxproj", "{EC085CBD-E9C3-477F-9A97-CB9D5DA30E27}"
EndProject
Project("{8BC9CEB8-8B4A-11D0-8D11-00A0C91BC942}") = "ZLib", "FreeImage\Source\ZLib\ZLib.2008.vcxproj", "{33134F61-C1AD-4B6F-9CEA-503A9F140C52}"
EndProject
Project("{8BC9CEB8-8B4A-11D0-8D11-00A0C91BC942}") = "OpenEXR", "FreeImage\Source\OpenEXR\OpenEXR.2008.vcxproj", "{17A4874B-0606-4687-90B6-F91F8CB3B8AF}"
EndProject
Project("{8BC9CEB8-8B4A-11D0-8D11-00A0C91BC942}") = "Glew_Lib", "Glew_Lib\Glew_Lib.vcxproj", "{834660E5-EC07-4B22-AD4A-5C516E064699}"
EndProject
Project("{8BC9CEB8-8B4A-11D0-8D11-00A0C91BC942}") = "Sky_Dome", "Sky_Dome\Sky_Dome.vcxproj", "{F05F256B-E5F5-4667-97E3-DA5F93D63AD5}"
	ProjectSection(ProjectDependencies) = postProject
		{94AEC603-4456-4AA3-BF33-3AF22C092131} = {94AEC603-4456-4AA3-BF33-3AF22C092131}
		{7C931053-CF6E-6790-BDDF-D71215744090} = {7C931053-CF6E-6790-BDDF-D71215744090}
		{97F8D958-DB4A-8705-918D-E3091C87AE3A} = {97F8D958-DB4A-8705-918D-E3091C87AE3A}
	EndProjectSection
EndProject
Project("{8BC9CEB8-8B4A-11D0-8D11-00A0C91BC942}") = "Fireworks_Particle_Demo", "Particle_Demo\Particle_Demo.vcxproj", "{51BA1145-331E-42BC-B5C5-FDEDB18CEC14}"
	ProjectSection(ProjectDependencies) = postProject
		{94AEC603-4456-4AA3-BF33-3AF22C092131} = {94AEC603-4456-4AA3-BF33-3AF22C092131}
		{7C931053-CF6E-6790-BDDF-D71215744090} = {7C931053-CF6E-6790-BDDF-D71215744090}
		{97F8D958-DB4A-8705-918D-E3091C87AE3A} = {97F8D958-DB4A-8705-918D-E3091C87AE3A}
	EndProjectSection
EndProject
Project("{8BC9CEB8-8B4A-11D0-8D11-00A0C91BC942}") = "Fire_Demo", "Fire_Demo\Fire_Demo.vcxproj", "{9E2CCF9C-14BC-4A25-AA12-58FB398B3EF8}"
	ProjectSection(ProjectDependencies) = postProject
		{94AEC603-4456-4AA3-BF33-3AF22C092131} = {94AEC603-4456-4AA3-BF33-3AF22C092131}
		{7C931053-CF6E-6790-BDDF-D71215744090} = {7C931053-CF6E-6790-BDDF-D71215744090}
		{97F8D958-DB4A-8705-918D-E3091C87AE3A} = {97F8D958-DB4A-8705-918D-E3091C87AE3A}
	EndProjectSection
EndProject
Project("{8BC9CEB8-8B4A-11D0-8D11-00A0C91BC942}") = "Model_Loading_Example", "Model_Loading_Example\Model_Loading_Example.vcxproj", "{BB72F4F7-7CD5-4952-93EF-0D00019E0CA7}"
	ProjectSection(ProjectDependencies) = postProject
		{94AEC603-4456-4AA3-BF33-3AF22C092131} = {94AEC603-4456-4AA3-BF33-3AF22C092131}
		{7C931053-CF6E-6790-BDDF-D71215744090} = {7C931053-CF6E-6790-BDDF-D71215744090}
		{97F8D958-DB4A-8705-918D-E3091C87AE3A} = {97F8D958-DB4A-8705-918D-E3091C87AE3A}
		{5691E159-2D9B-407F-971F-EA5C592DC524} = {5691E159-2D9B-407F-971F-EA5C592DC524}
		{B02282C5-E3C4-4180-899F-60383017AD25} = {B02282C5-E3C4-4180-899F-60383017AD25}
	EndProjectSection
EndProject
Project("{8BC9CEB8-8B4A-11D0-8D11-00A0C91BC942}") = "assimp", "assimp\workspaces\vc9\assimp.vcxproj", "{5691E159-2D9B-407F-971F-EA5C592DC524}"
EndProject
Project("{8BC9CEB8-8B4A-11D0-8D11-00A0C91BC942}") = "Template_Lib", "Template_Lib\Template_Lib.vcxproj", "{21DF7C19-3077-40B5-ACAC-C43D562A98F0}"
EndProject
Project("{8BC9CEB8-8B4A-11D0-8D11-00A0C91BC942}") = "BV_Lib", "BV_Lib\BV_Lib.vcxproj", "{B02282C5-E3C4-4180-899F-60383017AD25}"
EndProject
Project("{8BC9CEB8-8B4A-11D0-8D11-00A0C91BC942}") = "Network_Lib", "Network_Lib\Network_Lib.vcxproj", "{CAFE228E-AA00-49B1-9217-A420ABECCD55}"
EndProject
Project("{8BC9CEB8-8B4A-11D0-8D11-00A0C91BC942}") = "Threading_Lib", "Threading_Lib\Threading_Lib.vcxproj", "{581B6B61-E4C5-4437-A5D9-ABB4D3C9F246}"
EndProject
Project("{8BC9CEB8-8B4A-11D0-8D11-00A0C91BC942}") = "Allocator_Lib", "Allocator_Lib\Allocator_Lib.vcxproj", "{D930AA25-6AE7-4292-BF2A-BA9CA7F04A69}"
EndProject
Project("{8BC9CEB8-8B4A-11D0-8D11-00A0C91BC942}") = "MY_UI_Too_Lib", "MY_UI_Too\MY_UI_Too_Lib.vcxproj", "{25DB048A-43E0-4462-88E4-117A6DAC8127}"
	ProjectSection(ProjectDependencies) = postProject
		{78B079BD-9FC7-4B9E-B4A6-96DA0F00248B} = {78B079BD-9FC7-4B9E-B4A6-96DA0F00248B}
	EndProjectSection
EndProject
Project("{2150E333-8FDC-42A3-9474-1A3956D46DE8}") = "MY_UI_Too", "MY_UI_Too", "{94E78C48-A740-4CAD-86B5-8373F5CC5DB1}"
EndProject
Project("{8BC9CEB8-8B4A-11D0-8D11-00A0C91BC942}") = "MY_UI_Too_DX_Example", "MY_UI_Too\MY_UI_Too_DX_Example.vcxproj", "{00E7A70D-4868-4592-B0FE-B2947BC67FFE}"
	ProjectSection(ProjectDependencies) = postProject
		{A1D06B20-9505-4D4A-9713-975D21EEE9BE} = {A1D06B20-9505-4D4A-9713-975D21EEE9BE}
		{25DB048A-43E0-4462-88E4-117A6DAC8127} = {25DB048A-43E0-4462-88E4-117A6DAC8127}
	EndProjectSection
EndProject
Project("{8BC9CEB8-8B4A-11D0-8D11-00A0C91BC942}") = "MY_UI_Too_DX_Renderer_Lib", "MY_UI_Too\MY_UI_Too_DX_Renderer_Lib.vcxproj", "{A1D06B20-9505-4D4A-9713-975D21EEE9BE}"
	ProjectSection(ProjectDependencies) = postProject
		{25DB048A-43E0-4462-88E4-117A6DAC8127} = {25DB048A-43E0-4462-88E4-117A6DAC8127}
	EndProjectSection
EndProject
Project("{8BC9CEB8-8B4A-11D0-8D11-00A0C91BC942}") = "freetype_Lib", "FreeType_Lib\freetype.vcxproj", "{78B079BD-9FC7-4B9E-B4A6-96DA0F00248B}"
EndProject
Global
	GlobalSection(SolutionConfigurationPlatforms) = preSolution
		Debug|Win32 = Debug|Win32
		Debug|x64 = Debug|x64
		Release|Win32 = Release|Win32
		Release|x64 = Release|x64
	EndGlobalSection
	GlobalSection(ProjectConfigurationPlatforms) = postSolution
		{C91B3107-DAA0-430E-81E4-2B78A274E24A}.Debug|Win32.ActiveCfg = Debug|Win32
		{C91B3107-DAA0-430E-81E4-2B78A274E24A}.Debug|Win32.Build.0 = Debug|Win32
		{C91B3107-DAA0-430E-81E4-2B78A274E24A}.Debug|x64.ActiveCfg = Debug|x64
		{C91B3107-DAA0-430E-81E4-2B78A274E24A}.Debug|x64.Build.0 = Debug|x64
		{C91B3107-DAA0-430E-81E4-2B78A274E24A}.Release|Win32.ActiveCfg = Release|Win32
		{C91B3107-DAA0-430E-81E4-2B78A274E24A}.Release|Win32.Build.0 = Release|Win32
		{C91B3107-DAA0-430E-81E4-2B78A274E24A}.Release|x64.ActiveCfg = Release|x64
		{C91B3107-DAA0-430E-81E4-2B78A274E24A}.Release|x64.Build.0 = Release|x64
		{7C931053-CF6E-6790-BDDF-D71215744090}.Debug|Win32.ActiveCfg = Debug|Win32
		{7C931053-CF6E-6790-BDDF-D71215744090}.Debug|Win32.Build.0 = Debug|Win32
		{7C931053-CF6E-6790-BDDF-D71215744090}.Debug|x64.ActiveCfg = Debug|x64
		{7C931053-CF6E-6790-BDDF-D71215744090}.Debug|x64.Build.0 = Debug|x64
		{7C931053-CF6E-6790-BDDF-D71215744090}.Release|Win32.ActiveCfg = Release|Win32
		{7C931053-CF6E-6790-BDDF-D71215744090}.Release|Win32.Build.0 = Release|Win32
		{7C931053-CF6E-6790-BDDF-D71215744090}.Release|x64.ActiveCfg = Release|x64
		{7C931053-CF6E-6790-BDDF-D71215744090}.Release|x64.Build.0 = Release|x64
		{BBEB2BFA-69C0-10F2-DC4B-C8B3A3542F0C}.Debug|Win32.ActiveCfg = Debug|Win32
		{BBEB2BFA-69C0-10F2-DC4B-C8B3A3542F0C}.Debug|Win32.Build.0 = Debug|Win32
		{BBEB2BFA-69C0-10F2-DC4B-C8B3A3542F0C}.Debug|x64.ActiveCfg = Debug|x64
		{BBEB2BFA-69C0-10F2-DC4B-C8B3A3542F0C}.Debug|x64.Build.0 = Debug|x64
		{BBEB2BFA-69C0-10F2-DC4B-C8B3A3542F0C}.Release|Win32.ActiveCfg = Release|Win32
		{BBEB2BFA-69C0-10F2-DC4B-C8B3A3542F0C}.Release|Win32.Build.0 = Release|Win32
		{BBEB2BFA-69C0-10F2-DC4B-C8B3A3542F0C}.Release|x64.ActiveCfg = Release|x64
		{BBEB2BFA-69C0-10F2-DC4B-C8B3A3542F0C}.Release|x64.Build.0 = Release|x64
		{97F8D958-DB4A-8705-918D-E3091C87AE3A}.Debug|Win32.ActiveCfg = Debug|Win32
		{97F8D958-DB4A-8705-918D-E3091C87AE3A}.Debug|Win32.Build.0 = Debug|Win32
		{97F8D958-DB4A-8705-918D-E3091C87AE3A}.Debug|x64.ActiveCfg = Debug|x64
		{97F8D958-DB4A-8705-918D-E3091C87AE3A}.Debug|x64.Build.0 = Debug|x64
		{97F8D958-DB4A-8705-918D-E3091C87AE3A}.Release|Win32.ActiveCfg = Release|Win32
		{97F8D958-DB4A-8705-918D-E3091C87AE3A}.Release|Win32.Build.0 = Release|Win32
		{97F8D958-DB4A-8705-918D-E3091C87AE3A}.Release|x64.ActiveCfg = Release|x64
		{97F8D958-DB4A-8705-918D-E3091C87AE3A}.Release|x64.Build.0 = Release|x64
		{44BD528F-0044-7296-2EFC-E2EE37BE92AF}.Debug|Win32.ActiveCfg = Debug|Win32
		{44BD528F-0044-7296-2EFC-E2EE37BE92AF}.Debug|Win32.Build.0 = Debug|Win32
		{44BD528F-0044-7296-2EFC-E2EE37BE92AF}.Debug|x64.ActiveCfg = Debug|x64
		{44BD528F-0044-7296-2EFC-E2EE37BE92AF}.Debug|x64.Build.0 = Debug|x64
		{44BD528F-0044-7296-2EFC-E2EE37BE92AF}.Release|Win32.ActiveCfg = Release|Win32
		{44BD528F-0044-7296-2EFC-E2EE37BE92AF}.Release|Win32.Build.0 = Release|Win32
		{44BD528F-0044-7296-2EFC-E2EE37BE92AF}.Release|x64.ActiveCfg = Release|x64
		{44BD528F-0044-7296-2EFC-E2EE37BE92AF}.Release|x64.Build.0 = Release|x64
		{DE26EA7B-EF46-4E66-F6B0-A20A06A5DFAA}.Debug|Win32.ActiveCfg = Debug|Win32
		{DE26EA7B-EF46-4E66-F6B0-A20A06A5DFAA}.Debug|Win32.Build.0 = Debug|Win32
		{DE26EA7B-EF46-4E66-F6B0-A20A06A5DFAA}.Debug|x64.ActiveCfg = Debug|x64
		{DE26EA7B-EF46-4E66-F6B0-A20A06A5DFAA}.Debug|x64.Build.0 = Debug|x64
		{DE26EA7B-EF46-4E66-F6B0-A20A06A5DFAA}.Release|Win32.ActiveCfg = Release|Win32
		{DE26EA7B-EF46-4E66-F6B0-A20A06A5DFAA}.Release|Win32.Build.0 = Release|Win32
		{DE26EA7B-EF46-4E66-F6B0-A20A06A5DFAA}.Release|x64.ActiveCfg = Release|x64
		{DE26EA7B-EF46-4E66-F6B0-A20A06A5DFAA}.Release|x64.Build.0 = Release|x64
		{6FB3457B-204D-35A4-AE91-D5D8F6D7A01C}.Debug|Win32.ActiveCfg = Debug|Win32
		{6FB3457B-204D-35A4-AE91-D5D8F6D7A01C}.Debug|Win32.Build.0 = Debug|Win32
		{6FB3457B-204D-35A4-AE91-D5D8F6D7A01C}.Debug|x64.ActiveCfg = Debug|x64
		{6FB3457B-204D-35A4-AE91-D5D8F6D7A01C}.Debug|x64.Build.0 = Debug|x64
		{6FB3457B-204D-35A4-AE91-D5D8F6D7A01C}.Release|Win32.ActiveCfg = Release|Win32
		{6FB3457B-204D-35A4-AE91-D5D8F6D7A01C}.Release|Win32.Build.0 = Release|Win32
		{6FB3457B-204D-35A4-AE91-D5D8F6D7A01C}.Release|x64.ActiveCfg = Release|x64
		{6FB3457B-204D-35A4-AE91-D5D8F6D7A01C}.Release|x64.Build.0 = Release|x64
		{0F2A5970-5C29-4C0A-8064-167EA48DF2A7}.Debug|Win32.ActiveCfg = Debug|Win32
		{0F2A5970-5C29-4C0A-8064-167EA48DF2A7}.Debug|Win32.Build.0 = Debug|Win32
		{0F2A5970-5C29-4C0A-8064-167EA48DF2A7}.Debug|x64.ActiveCfg = Debug|x64
		{0F2A5970-5C29-4C0A-8064-167EA48DF2A7}.Debug|x64.Build.0 = Debug|x64
		{0F2A5970-5C29-4C0A-8064-167EA48DF2A7}.Release|Win32.ActiveCfg = Release|Win32
		{0F2A5970-5C29-4C0A-8064-167EA48DF2A7}.Release|Win32.Build.0 = Release|Win32
		{0F2A5970-5C29-4C0A-8064-167EA48DF2A7}.Release|x64.ActiveCfg = Release|x64
		{0F2A5970-5C29-4C0A-8064-167EA48DF2A7}.Release|x64.Build.0 = Release|x64
		{D452424E-5A2F-4165-9457-CB9FFBDFE498}.Debug|Win32.ActiveCfg = Debug|Win32
		{D452424E-5A2F-4165-9457-CB9FFBDFE498}.Debug|Win32.Build.0 = Debug|Win32
		{D452424E-5A2F-4165-9457-CB9FFBDFE498}.Debug|x64.ActiveCfg = Debug|x64
		{D452424E-5A2F-4165-9457-CB9FFBDFE498}.Debug|x64.Build.0 = Debug|x64
		{D452424E-5A2F-4165-9457-CB9FFBDFE498}.Release|Win32.ActiveCfg = Release|Win32
		{D452424E-5A2F-4165-9457-CB9FFBDFE498}.Release|Win32.Build.0 = Release|Win32
		{D452424E-5A2F-4165-9457-CB9FFBDFE498}.Release|x64.ActiveCfg = Release|x64
		{D452424E-5A2F-4165-9457-CB9FFBDFE498}.Release|x64.Build.0 = Release|x64
		{659BBD5F-523C-4546-AF1D-4ADE451C8DE5}.Debug|Win32.ActiveCfg = Debug|Win32
		{659BBD5F-523C-4546-AF1D-4ADE451C8DE5}.Debug|Win32.Build.0 = Debug|Win32
		{659BBD5F-523C-4546-AF1D-4ADE451C8DE5}.Debug|x64.ActiveCfg = Debug|x64
		{659BBD5F-523C-4546-AF1D-4ADE451C8DE5}.Debug|x64.Build.0 = Debug|x64
		{659BBD5F-523C-4546-AF1D-4ADE451C8DE5}.Release|Win32.ActiveCfg = Release|Win32
		{659BBD5F-523C-4546-AF1D-4ADE451C8DE5}.Release|Win32.Build.0 = Release|Win32
		{659BBD5F-523C-4546-AF1D-4ADE451C8DE5}.Release|x64.ActiveCfg = Release|x64
		{659BBD5F-523C-4546-AF1D-4ADE451C8DE5}.Release|x64.Build.0 = Release|x64
		{17BB21C3-42BB-496F-BB60-025B89CCCF24}.Debug|Win32.ActiveCfg = Debug|Win32
		{17BB21C3-42BB-496F-BB60-025B89CCCF24}.Debug|Win32.Build.0 = Debug|Win32
		{17BB21C3-42BB-496F-BB60-025B89CCCF24}.Debug|x64.ActiveCfg = Debug|x64
		{17BB21C3-42BB-496F-BB60-025B89CCCF24}.Debug|x64.Build.0 = Debug|x64
		{17BB21C3-42BB-496F-BB60-025B89CCCF24}.Release|Win32.ActiveCfg = Release|Win32
		{17BB21C3-42BB-496F-BB60-025B89CCCF24}.Release|Win32.Build.0 = Release|Win32
		{17BB21C3-42BB-496F-BB60-025B89CCCF24}.Release|x64.ActiveCfg = Release|x64
		{17BB21C3-42BB-496F-BB60-025B89CCCF24}.Release|x64.Build.0 = Release|x64
		{63A91429-2A55-46AB-A7CC-398F2F95A55E}.Debug|Win32.ActiveCfg = Debug|Win32
		{63A91429-2A55-46AB-A7CC-398F2F95A55E}.Debug|Win32.Build.0 = Debug|Win32
		{63A91429-2A55-46AB-A7CC-398F2F95A55E}.Debug|x64.ActiveCfg = Debug|x64
		{63A91429-2A55-46AB-A7CC-398F2F95A55E}.Debug|x64.Build.0 = Debug|x64
		{63A91429-2A55-46AB-A7CC-398F2F95A55E}.Release|Win32.ActiveCfg = Release|Win32
		{63A91429-2A55-46AB-A7CC-398F2F95A55E}.Release|Win32.Build.0 = Release|Win32
		{63A91429-2A55-46AB-A7CC-398F2F95A55E}.Release|x64.ActiveCfg = Release|x64
		{63A91429-2A55-46AB-A7CC-398F2F95A55E}.Release|x64.Build.0 = Release|x64
		{9E5BFD26-DD32-345E-2BF2-D68E00CBE467}.Debug|Win32.ActiveCfg = Debug|Win32
		{9E5BFD26-DD32-345E-2BF2-D68E00CBE467}.Debug|Win32.Build.0 = Debug|Win32
		{9E5BFD26-DD32-345E-2BF2-D68E00CBE467}.Debug|x64.ActiveCfg = Debug|x64
		{9E5BFD26-DD32-345E-2BF2-D68E00CBE467}.Debug|x64.Build.0 = Debug|x64
		{9E5BFD26-DD32-345E-2BF2-D68E00CBE467}.Release|Win32.ActiveCfg = Release|Win32
		{9E5BFD26-DD32-345E-2BF2-D68E00CBE467}.Release|Win32.Build.0 = Release|Win32
		{9E5BFD26-DD32-345E-2BF2-D68E00CBE467}.Release|x64.ActiveCfg = Release|x64
		{9E5BFD26-DD32-345E-2BF2-D68E00CBE467}.Release|x64.Build.0 = Release|x64
		{77716951-B61E-48C6-9D16-DE0B2E159AB0}.Debug|Win32.ActiveCfg = Debug|Win32
		{77716951-B61E-48C6-9D16-DE0B2E159AB0}.Debug|Win32.Build.0 = Debug|Win32
		{77716951-B61E-48C6-9D16-DE0B2E159AB0}.Debug|x64.ActiveCfg = Debug|x64
		{77716951-B61E-48C6-9D16-DE0B2E159AB0}.Debug|x64.Build.0 = Debug|x64
		{77716951-B61E-48C6-9D16-DE0B2E159AB0}.Release|Win32.ActiveCfg = Release|Win32
		{77716951-B61E-48C6-9D16-DE0B2E159AB0}.Release|Win32.Build.0 = Release|Win32
		{77716951-B61E-48C6-9D16-DE0B2E159AB0}.Release|x64.ActiveCfg = Release|x64
		{77716951-B61E-48C6-9D16-DE0B2E159AB0}.Release|x64.Build.0 = Release|x64
		{3423EC9A-52E4-4A4D-9753-EDEBC38785EF}.Debug|Win32.ActiveCfg = Debug|Win32
		{3423EC9A-52E4-4A4D-9753-EDEBC38785EF}.Debug|Win32.Build.0 = Debug|Win32
		{3423EC9A-52E4-4A4D-9753-EDEBC38785EF}.Debug|x64.ActiveCfg = Debug|x64
		{3423EC9A-52E4-4A4D-9753-EDEBC38785EF}.Debug|x64.Build.0 = Debug|x64
		{3423EC9A-52E4-4A4D-9753-EDEBC38785EF}.Release|Win32.ActiveCfg = Release|Win32
		{3423EC9A-52E4-4A4D-9753-EDEBC38785EF}.Release|Win32.Build.0 = Release|Win32
		{3423EC9A-52E4-4A4D-9753-EDEBC38785EF}.Release|x64.ActiveCfg = Release|x64
		{3423EC9A-52E4-4A4D-9753-EDEBC38785EF}.Release|x64.Build.0 = Release|x64
		{EBE80B4D-6BAD-4FB9-B4F6-448E431D5891}.Debug|Win32.ActiveCfg = Debug|Win32
		{EBE80B4D-6BAD-4FB9-B4F6-448E431D5891}.Debug|Win32.Build.0 = Debug|Win32
		{EBE80B4D-6BAD-4FB9-B4F6-448E431D5891}.Debug|x64.ActiveCfg = Debug|x64
		{EBE80B4D-6BAD-4FB9-B4F6-448E431D5891}.Debug|x64.Build.0 = Debug|x64
		{EBE80B4D-6BAD-4FB9-B4F6-448E431D5891}.Release|Win32.ActiveCfg = Release|Win32
		{EBE80B4D-6BAD-4FB9-B4F6-448E431D5891}.Release|Win32.Build.0 = Release|Win32
		{EBE80B4D-6BAD-4FB9-B4F6-448E431D5891}.Release|x64.ActiveCfg = Release|x64
		{EBE80B4D-6BAD-4FB9-B4F6-448E431D5891}.Release|x64.Build.0 = Release|x64
		{00498EC6-B43C-47B4-A3FF-923017ECE631}.Debug|Win32.ActiveCfg = Debug|Win32
		{00498EC6-B43C-47B4-A3FF-923017ECE631}.Debug|Win32.Build.0 = Debug|Win32
		{00498EC6-B43C-47B4-A3FF-923017ECE631}.Debug|x64.ActiveCfg = Debug|x64
		{00498EC6-B43C-47B4-A3FF-923017ECE631}.Debug|x64.Build.0 = Debug|x64
		{00498EC6-B43C-47B4-A3FF-923017ECE631}.Release|Win32.ActiveCfg = Release|Win32
		{00498EC6-B43C-47B4-A3FF-923017ECE631}.Release|Win32.Build.0 = Release|Win32
		{00498EC6-B43C-47B4-A3FF-923017ECE631}.Release|x64.ActiveCfg = Release|x64
		{00498EC6-B43C-47B4-A3FF-923017ECE631}.Release|x64.Build.0 = Release|x64
		{94AEC603-4456-4AA3-BF33-3AF22C092131}.Debug|Win32.ActiveCfg = Debug|Win32
		{94AEC603-4456-4AA3-BF33-3AF22C092131}.Debug|Win32.Build.0 = Debug|Win32
		{94AEC603-4456-4AA3-BF33-3AF22C092131}.Debug|x64.ActiveCfg = Debug|x64
		{94AEC603-4456-4AA3-BF33-3AF22C092131}.Debug|x64.Build.0 = Debug|x64
		{94AEC603-4456-4AA3-BF33-3AF22C092131}.Release|Win32.ActiveCfg = Release|Win32
		{94AEC603-4456-4AA3-BF33-3AF22C092131}.Release|Win32.Build.0 = Release|Win32
		{94AEC603-4456-4AA3-BF33-3AF22C092131}.Release|x64.ActiveCfg = Release|x64
		{94AEC603-4456-4AA3-BF33-3AF22C092131}.Release|x64.Build.0 = Release|x64
		{0B3C6E83-5AFF-4940-93B4-8955F9539F27}.Debug|Win32.ActiveCfg = Debug|Win32
		{0B3C6E83-5AFF-4940-93B4-8955F9539F27}.Debug|Win32.Build.0 = Debug|Win32
		{0B3C6E83-5AFF-4940-93B4-8955F9539F27}.Debug|x64.ActiveCfg = Debug|x64
		{0B3C6E83-5AFF-4940-93B4-8955F9539F27}.Debug|x64.Build.0 = Debug|x64
		{0B3C6E83-5AFF-4940-93B4-8955F9539F27}.Release|Win32.ActiveCfg = Release|Win32
		{0B3C6E83-5AFF-4940-93B4-8955F9539F27}.Release|Win32.Build.0 = Release|Win32
		{0B3C6E83-5AFF-4940-93B4-8955F9539F27}.Release|x64.ActiveCfg = Release|x64
		{0B3C6E83-5AFF-4940-93B4-8955F9539F27}.Release|x64.Build.0 = Release|x64
		{833C6311-CE7F-49EF-9B4A-8926F836D0FC}.Debug|Win32.ActiveCfg = Debug|Win32
		{833C6311-CE7F-49EF-9B4A-8926F836D0FC}.Debug|Win32.Build.0 = Debug|Win32
		{833C6311-CE7F-49EF-9B4A-8926F836D0FC}.Debug|x64.ActiveCfg = Debug|x64
		{833C6311-CE7F-49EF-9B4A-8926F836D0FC}.Debug|x64.Build.0 = Debug|x64
		{833C6311-CE7F-49EF-9B4A-8926F836D0FC}.Release|Win32.ActiveCfg = Release|Win32
		{833C6311-CE7F-49EF-9B4A-8926F836D0FC}.Release|Win32.Build.0 = Release|Win32
		{833C6311-CE7F-49EF-9B4A-8926F836D0FC}.Release|x64.ActiveCfg = Release|x64
		{833C6311-CE7F-49EF-9B4A-8926F836D0FC}.Release|x64.Build.0 = Release|x64
		{9E219DF2-315D-478E-8A07-8960C377CE1E}.Debug|Win32.ActiveCfg = Debug|Win32
		{9E219DF2-315D-478E-8A07-8960C377CE1E}.Debug|Win32.Build.0 = Debug|Win32
		{9E219DF2-315D-478E-8A07-8960C377CE1E}.Debug|x64.ActiveCfg = Debug|x64
		{9E219DF2-315D-478E-8A07-8960C377CE1E}.Debug|x64.Build.0 = Debug|x64
		{9E219DF2-315D-478E-8A07-8960C377CE1E}.Release|Win32.ActiveCfg = Release|Win32
		{9E219DF2-315D-478E-8A07-8960C377CE1E}.Release|Win32.Build.0 = Release|Win32
		{9E219DF2-315D-478E-8A07-8960C377CE1E}.Release|x64.ActiveCfg = Release|x64
		{9E219DF2-315D-478E-8A07-8960C377CE1E}.Release|x64.Build.0 = Release|x64
		{5E1D4E5F-E10C-4BA3-B663-F33014FD21D9}.Debug|Win32.ActiveCfg = Debug|Win32
		{5E1D4E5F-E10C-4BA3-B663-F33014FD21D9}.Debug|Win32.Build.0 = Debug|Win32
		{5E1D4E5F-E10C-4BA3-B663-F33014FD21D9}.Debug|x64.ActiveCfg = Debug|x64
		{5E1D4E5F-E10C-4BA3-B663-F33014FD21D9}.Debug|x64.Build.0 = Debug|x64
		{5E1D4E5F-E10C-4BA3-B663-F33014FD21D9}.Release|Win32.ActiveCfg = Release|Win32
		{5E1D4E5F-E10C-4BA3-B663-F33014FD21D9}.Release|Win32.Build.0 = Release|Win32
		{5E1D4E5F-E10C-4BA3-B663-F33014FD21D9}.Release|x64.ActiveCfg = Release|x64
		{5E1D4E5F-E10C-4BA3-B663-F33014FD21D9}.Release|x64.Build.0 = Release|x64
		{E3536C28-A7F1-4B53-8E52-7D2232F9E098}.Debug|Win32.ActiveCfg = Debug|Win32
		{E3536C28-A7F1-4B53-8E52-7D2232F9E098}.Debug|Win32.Build.0 = Debug|Win32
		{E3536C28-A7F1-4B53-8E52-7D2232F9E098}.Debug|x64.ActiveCfg = Debug|x64
		{E3536C28-A7F1-4B53-8E52-7D2232F9E098}.Debug|x64.Build.0 = Debug|x64
		{E3536C28-A7F1-4B53-8E52-7D2232F9E098}.Release|Win32.ActiveCfg = Release|Win32
		{E3536C28-A7F1-4B53-8E52-7D2232F9E098}.Release|Win32.Build.0 = Release|Win32
		{E3536C28-A7F1-4B53-8E52-7D2232F9E098}.Release|x64.ActiveCfg = Release|x64
		{E3536C28-A7F1-4B53-8E52-7D2232F9E098}.Release|x64.Build.0 = Release|x64
		{7DB10B50-CE00-4D7A-B322-6824F05D2FCB}.Debug|Win32.ActiveCfg = Debug|Win32
		{7DB10B50-CE00-4D7A-B322-6824F05D2FCB}.Debug|Win32.Build.0 = Debug|Win32
		{7DB10B50-CE00-4D7A-B322-6824F05D2FCB}.Debug|x64.ActiveCfg = Debug|x64
		{7DB10B50-CE00-4D7A-B322-6824F05D2FCB}.Debug|x64.Build.0 = Debug|x64
		{7DB10B50-CE00-4D7A-B322-6824F05D2FCB}.Release|Win32.ActiveCfg = Release|Win32
		{7DB10B50-CE00-4D7A-B322-6824F05D2FCB}.Release|Win32.Build.0 = Release|Win32
		{7DB10B50-CE00-4D7A-B322-6824F05D2FCB}.Release|x64.ActiveCfg = Release|x64
		{7DB10B50-CE00-4D7A-B322-6824F05D2FCB}.Release|x64.Build.0 = Release|x64
		{07F662C1-1323-42AB-B6AF-FBFD34A7437A}.Debug|Win32.ActiveCfg = Debug|Win32
		{07F662C1-1323-42AB-B6AF-FBFD34A7437A}.Debug|Win32.Build.0 = Debug|Win32
		{07F662C1-1323-42AB-B6AF-FBFD34A7437A}.Debug|x64.ActiveCfg = Debug|x64
		{07F662C1-1323-42AB-B6AF-FBFD34A7437A}.Debug|x64.Build.0 = Debug|x64
		{07F662C1-1323-42AB-B6AF-FBFD34A7437A}.Release|Win32.ActiveCfg = Release|Win32
		{07F662C1-1323-42AB-B6AF-FBFD34A7437A}.Release|Win32.Build.0 = Release|Win32
		{07F662C1-1323-42AB-B6AF-FBFD34A7437A}.Release|x64.ActiveCfg = Release|x64
		{07F662C1-1323-42AB-B6AF-FBFD34A7437A}.Release|x64.Build.0 = Release|x64
		{EC085CBD-E9C3-477F-9A97-CB9D5DA30E27}.Debug|Win32.ActiveCfg = Debug|Win32
		{EC085CBD-E9C3-477F-9A97-CB9D5DA30E27}.Debug|Win32.Build.0 = Debug|Win32
		{EC085CBD-E9C3-477F-9A97-CB9D5DA30E27}.Debug|x64.ActiveCfg = Debug|x64
		{EC085CBD-E9C3-477F-9A97-CB9D5DA30E27}.Debug|x64.Build.0 = Debug|x64
		{EC085CBD-E9C3-477F-9A97-CB9D5DA30E27}.Release|Win32.ActiveCfg = Release|Win32
		{EC085CBD-E9C3-477F-9A97-CB9D5DA30E27}.Release|Win32.Build.0 = Release|Win32
		{EC085CBD-E9C3-477F-9A97-CB9D5DA30E27}.Release|x64.ActiveCfg = Release|x64
		{EC085CBD-E9C3-477F-9A97-CB9D5DA30E27}.Release|x64.Build.0 = Release|x64
		{33134F61-C1AD-4B6F-9CEA-503A9F140C52}.Debug|Win32.ActiveCfg = Debug|Win32
		{33134F61-C1AD-4B6F-9CEA-503A9F140C52}.Debug|Win32.Build.0 = Debug|Win32
		{33134F61-C1AD-4B6F-9CEA-503A9F140C52}.Debug|x64.ActiveCfg = Debug|x64
		{33134F61-C1AD-4B6F-9CEA-503A9F140C52}.Debug|x64.Build.0 = Debug|x64
		{33134F61-C1AD-4B6F-9CEA-503A9F140C52}.Release|Win32.ActiveCfg = Release|Win32
		{33134F61-C1AD-4B6F-9CEA-503A9F140C52}.Release|Win32.Build.0 = Release|Win32
		{33134F61-C1AD-4B6F-9CEA-503A9F140C52}.Release|x64.ActiveCfg = Release|x64
		{33134F61-C1AD-4B6F-9CEA-503A9F140C52}.Release|x64.Build.0 = Release|x64
		{17A4874B-0606-4687-90B6-F91F8CB3B8AF}.Debug|Win32.ActiveCfg = Debug|Win32
		{17A4874B-0606-4687-90B6-F91F8CB3B8AF}.Debug|Win32.Build.0 = Debug|Win32
		{17A4874B-0606-4687-90B6-F91F8CB3B8AF}.Debug|x64.ActiveCfg = Debug|x64
		{17A4874B-0606-4687-90B6-F91F8CB3B8AF}.Debug|x64.Build.0 = Debug|x64
		{17A4874B-0606-4687-90B6-F91F8CB3B8AF}.Release|Win32.ActiveCfg = Release|Win32
		{17A4874B-0606-4687-90B6-F91F8CB3B8AF}.Release|Win32.Build.0 = Release|Win32
		{17A4874B-0606-4687-90B6-F91F8CB3B8AF}.Release|x64.ActiveCfg = Release|x64
		{17A4874B-0606-4687-90B6-F91F8CB3B8AF}.Release|x64.Build.0 = Release|x64
		{834660E5-EC07-4B22-AD4A-5C516E064699}.Debug|Win32.ActiveCfg = Debug|Win32
		{834660E5-EC07-4B22-AD4A-5C516E064699}.Debug|Win32.Build.0 = Debug|Win32
		{834660E5-EC07-4B22-AD4A-5C516E064699}.Debug|x64.ActiveCfg = Debug|x64
		{834660E5-EC07-4B22-AD4A-5C516E064699}.Debug|x64.Build.0 = Debug|x64
		{834660E5-EC07-4B22-AD4A-5C516E064699}.Release|Win32.ActiveCfg = Release|Win32
		{834660E5-EC07-4B22-AD4A-5C516E064699}.Release|Win32.Build.0 = Release|Win32
		{834660E5-EC07-4B22-AD4A-5C516E064699}.Release|x64.ActiveCfg = Release|x64
		{834660E5-EC07-4B22-AD4A-5C516E064699}.Release|x64.Build.0 = Release|x64
		{F05F256B-E5F5-4667-97E3-DA5F93D63AD5}.Debug|Win32.ActiveCfg = Debug|Win32
		{F05F256B-E5F5-4667-97E3-DA5F93D63AD5}.Debug|Win32.Build.0 = Debug|Win32
		{F05F256B-E5F5-4667-97E3-DA5F93D63AD5}.Debug|x64.ActiveCfg = Debug|x64
		{F05F256B-E5F5-4667-97E3-DA5F93D63AD5}.Debug|x64.Build.0 = Debug|x64
		{F05F256B-E5F5-4667-97E3-DA5F93D63AD5}.Release|Win32.ActiveCfg = Release|Win32
		{F05F256B-E5F5-4667-97E3-DA5F93D63AD5}.Release|Win32.Build.0 = Release|Win32
		{F05F256B-E5F5-4667-97E3-DA5F93D63AD5}.Release|x64.ActiveCfg = Release|x64
		{F05F256B-E5F5-4667-97E3-DA5F93D63AD5}.Release|x64.Build.0 = Release|x64
		{51BA1145-331E-42BC-B5C5-FDEDB18CEC14}.Debug|Win32.ActiveCfg = Debug|Win32
		{51BA1145-331E-42BC-B5C5-FDEDB18CEC14}.Debug|Win32.Build.0 = Debug|Win32
		{51BA1145-331E-42BC-B5C5-FDEDB18CEC14}.Debug|x64.ActiveCfg = Debug|x64
		{51BA1145-331E-42BC-B5C5-FDEDB18CEC14}.Debug|x64.Build.0 = Debug|x64
		{51BA1145-331E-42BC-B5C5-FDEDB18CEC14}.Release|Win32.ActiveCfg = Release|Win32
		{51BA1145-331E-42BC-B5C5-FDEDB18CEC14}.Release|Win32.Build.0 = Release|Win32
		{51BA1145-331E-42BC-B5C5-FDEDB18CEC14}.Release|x64.ActiveCfg = Release|x64
		{51BA1145-331E-42BC-B5C5-FDEDB18CEC14}.Release|x64.Build.0 = Release|x64
		{9E2CCF9C-14BC-4A25-AA12-58FB398B3EF8}.Debug|Win32.ActiveCfg = Debug|Win32
		{9E2CCF9C-14BC-4A25-AA12-58FB398B3EF8}.Debug|Win32.Build.0 = Debug|Win32
		{9E2CCF9C-14BC-4A25-AA12-58FB398B3EF8}.Debug|x64.ActiveCfg = Debug|x64
		{9E2CCF9C-14BC-4A25-AA12-58FB398B3EF8}.Debug|x64.Build.0 = Debug|x64
		{9E2CCF9C-14BC-4A25-AA12-58FB398B3EF8}.Release|Win32.ActiveCfg = Release|Win32
		{9E2CCF9C-14BC-4A25-AA12-58FB398B3EF8}.Release|Win32.Build.0 = Release|Win32
		{9E2CCF9C-14BC-4A25-AA12-58FB398B3EF8}.Release|x64.ActiveCfg = Release|x64
		{9E2CCF9C-14BC-4A25-AA12-58FB398B3EF8}.Release|x64.Build.0 = Release|x64
		{BB72F4F7-7CD5-4952-93EF-0D00019E0CA7}.Debug|Win32.ActiveCfg = Debug|Win32
		{BB72F4F7-7CD5-4952-93EF-0D00019E0CA7}.Debug|Win32.Build.0 = Debug|Win32
		{BB72F4F7-7CD5-4952-93EF-0D00019E0CA7}.Debug|x64.ActiveCfg = Debug|x64
		{BB72F4F7-7CD5-4952-93EF-0D00019E0CA7}.Debug|x64.Build.0 = Debug|x64
		{BB72F4F7-7CD5-4952-93EF-0D00019E0CA7}.Release|Win32.ActiveCfg = Release|Win32
		{BB72F4F7-7CD5-4952-93EF-0D00019E0CA7}.Release|Win32.Build.0 = Release|Win32
		{BB72F4F7-7CD5-4952-93EF-0D00019E0CA7}.Release|x64.ActiveCfg = Release|x64
		{BB72F4F7-7CD5-4952-93EF-0D00019E0CA7}.Release|x64.Build.0 = Release|x64
		{5691E159-2D9B-407F-971F-EA5C592DC524}.Debug|Win32.ActiveCfg = debug|Win32
		{5691E159-2D9B-407F-971F-EA5C592DC524}.Debug|Win32.Build.0 = debug|Win32
		{5691E159-2D9B-407F-971F-EA5C592DC524}.Debug|x64.ActiveCfg = debug|x64
		{5691E159-2D9B-407F-971F-EA5C592DC524}.Debug|x64.Build.0 = debug|x64
		{5691E159-2D9B-407F-971F-EA5C592DC524}.Release|Win32.ActiveCfg = release|Win32
		{5691E159-2D9B-407F-971F-EA5C592DC524}.Release|Win32.Build.0 = release|Win32
		{5691E159-2D9B-407F-971F-EA5C592DC524}.Release|x64.ActiveCfg = release|x64
		{5691E159-2D9B-407F-971F-EA5C592DC524}.Release|x64.Build.0 = release|x64
		{21DF7C19-3077-40B5-ACAC-C43D562A98F0}.Debug|Win32.ActiveCfg = Debug|Win32
		{21DF7C19-3077-40B5-ACAC-C43D562A98F0}.Debug|Win32.Build.0 = Debug|Win32
		{21DF7C19-3077-40B5-ACAC-C43D562A98F0}.Debug|x64.ActiveCfg = Debug|x64
		{21DF7C19-3077-40B5-ACAC-C43D562A98F0}.Debug|x64.Build.0 = Debug|x64
		{21DF7C19-3077-40B5-ACAC-C43D562A98F0}.Release|Win32.ActiveCfg = Release|Win32
		{21DF7C19-3077-40B5-ACAC-C43D562A98F0}.Release|Win32.Build.0 = Release|Win32
		{21DF7C19-3077-40B5-ACAC-C43D562A98F0}.Release|x64.ActiveCfg = Release|x64
		{21DF7C19-3077-40B5-ACAC-C43D562A98F0}.Release|x64.Build.0 = Release|x64
		{B02282C5-E3C4-4180-899F-60383017AD25}.Debug|Win32.ActiveCfg = Debug|Win32
		{B02282C5-E3C4-4180-899F-60383017AD25}.Debug|Win32.Build.0 = Debug|Win32
		{B02282C5-E3C4-4180-899F-60383017AD25}.Debug|x64.ActiveCfg = Debug|x64
		{B02282C5-E3C4-4180-899F-60383017AD25}.Debug|x64.Build.0 = Debug|x64
		{B02282C5-E3C4-4180-899F-60383017AD25}.Release|Win32.ActiveCfg = Release|Win32
		{B02282C5-E3C4-4180-899F-60383017AD25}.Release|Win32.Build.0 = Release|Win32
		{B02282C5-E3C4-4180-899F-60383017AD25}.Release|x64.ActiveCfg = Release|x64
		{B02282C5-E3C4-4180-899F-60383017AD25}.Release|x64.Build.0 = Release|x64
		{CAFE228E-AA00-49B1-9217-A420ABECCD55}.Debug|Win32.ActiveCfg = Debug|Win32
		{CAFE228E-AA00-49B1-9217-A420ABECCD55}.Debug|Win32.Build.0 = Debug|Win32
		{CAFE228E-AA00-49B1-9217-A420ABECCD55}.Debug|x64.ActiveCfg = Debug|x64
		{CAFE228E-AA00-49B1-9217-A420ABECCD55}.Debug|x64.Build.0 = Debug|x64
		{CAFE228E-AA00-49B1-9217-A420ABECCD55}.Release|Win32.ActiveCfg = Release|Win32
		{CAFE228E-AA00-49B1-9217-A420ABECCD55}.Release|Win32.Build.0 = Release|Win32
		{CAFE228E-AA00-49B1-9217-A420ABECCD55}.Release|x64.ActiveCfg = Release|x64
		{CAFE228E-AA00-49B1-9217-A420ABECCD55}.Release|x64.Build.0 = Release|x64
		{581B6B61-E4C5-4437-A5D9-ABB4D3C9F246}.Debug|Win32.ActiveCfg = Debug|Win32
		{581B6B61-E4C5-4437-A5D9-ABB4D3C9F246}.Debug|Win32.Build.0 = Debug|Win32
		{581B6B61-E4C5-4437-A5D9-ABB4D3C9F246}.Debug|x64.ActiveCfg = Debug|x64
		{581B6B61-E4C5-4437-A5D9-ABB4D3C9F246}.Debug|x64.Build.0 = Debug|x64
		{581B6B61-E4C5-4437-A5D9-ABB4D3C9F246}.Release|Win32.ActiveCfg = Release|Win32
		{581B6B61-E4C5-4437-A5D9-ABB4D3C9F246}.Release|Win32.Build.0 = Release|Win32
		{581B6B61-E4C5-4437-A5D9-ABB4D3C9F246}.Release|x64.ActiveCfg = Release|x64
		{581B6B61-E4C5-4437-A5D9-ABB4D3C9F246}.Release|x64.Build.0 = Release|x64
		{D930AA25-6AE7-4292-BF2A-BA9CA7F04A69}.Debug|Win32.ActiveCfg = Debug|Win32
		{D930AA25-6AE7-4292-BF2A-BA9CA7F04A69}.Debug|Win32.Build.0 = Debug|Win32
		{D930AA25-6AE7-4292-BF2A-BA9CA7F04A69}.Debug|x64.ActiveCfg = Debug|x64
		{D930AA25-6AE7-4292-BF2A-BA9CA7F04A69}.Debug|x64.Build.0 = Debug|x64
		{D930AA25-6AE7-4292-BF2A-BA9CA7F04A69}.Release|Win32.ActiveCfg = Release|Win32
		{D930AA25-6AE7-4292-BF2A-BA9CA7F04A69}.Release|Win32.Build.0 = Release|Win32
		{D930AA25-6AE7-4292-BF2A-BA9CA7F04A69}.Release|x64.ActiveCfg = Release|x64
		{D930AA25-6AE7-4292-BF2A-BA9CA7F04A69}.Release|x64.Build.0 = Release|x64
		{25DB048A-43E0-4462-88E4-117A6DAC8127}.Debug|Win32.ActiveCfg = Debug|Win32
		{25DB048A-43E0-4462-88E4-117A6DAC8127}.Debug|Win32.Build.0 = Debug|Win32
		{25DB048A-43E0-4462-88E4-117A6DAC8127}.Debug|x64.ActiveCfg = Debug|x64
		{25DB048A-43E0-4462-88E4-117A6DAC8127}.Debug|x64.Build.0 = Debug|x64
		{25DB048A-43E0-4462-88E4-117A6DAC8127}.Release|Win32.ActiveCfg = Release|Win32
		{25DB048A-43E0-4462-88E4-117A6DAC8127}.Release|Win32.Build.0 = Release|Win32
		{25DB048A-43E0-4462-88E4-117A6DAC8127}.Release|x64.ActiveCfg = Release|x64
		{25DB048A-43E0-4462-88E4-117A6DAC8127}.Release|x64.Build.0 = Release|x64
		{00E7A70D-4868-4592-B0FE-B2947BC67FFE}.Debug|Win32.ActiveCfg = Debug|Win32
		{00E7A70D-4868-4592-B0FE-B2947BC67FFE}.Debug|Win32.Build.0 = Debug|Win32
		{00E7A70D-4868-4592-B0FE-B2947BC67FFE}.Debug|x64.ActiveCfg = Debug|x64
		{00E7A70D-4868-4592-B0FE-B2947BC67FFE}.Debug|x64.Build.0 = Debug|x64
		{00E7A70D-4868-4592-B0FE-B2947BC67FFE}.Release|Win32.ActiveCfg = Release|Win32
		{00E7A70D-4868-4592-B0FE-B2947BC67FFE}.Release|Win32.Build.0 = Release|Win32
		{00E7A70D-4868-4592-B0FE-B2947BC67FFE}.Release|x64.ActiveCfg = Release|x64
		{00E7A70D-4868-4592-B0FE-B2947BC67FFE}.Release|x64.Build.0 = Release|x64
		{A1D06B20-9505-4D4A-9713-975D21EEE9BE}.Debug|Win32.ActiveCfg = Debug|Win32
		{A1D06B20-9505-4D4A-9713-975D21EEE9BE}.Debug|Win32.Build.0 = Debug|Win32
		{A1D06B20-9505-4D4A-9713-975D21EEE9BE}.Debug|x64.ActiveCfg = Debug|x64
		{A1D06B20-9505-4D4A-9713-975D21EEE9BE}.Debug|x64.Build.0 = Debug|x64
		{A1D06B20-9505-4D4A-9713-975D21EEE9BE}.Release|Win32.ActiveCfg = Release|Win32
		{A1D06B20-9505-4D4A-9713-975D21EEE9BE}.Release|Win32.Build.0 = Release|Win32
		{A1D06B20-9505-4D4A-9713-975D21EEE9BE}.Release|x64.ActiveCfg = Release|x64
		{A1D06B20-9505-4D4A-9713-975D21EEE9BE}.Release|x64.Build.0 = Release|x64
		{78B079BD-9FC7-4B9E-B4A6-96DA0F00248B}.Debug|Win32.ActiveCfg = Debug|Win32
		{78B079BD-9FC7-4B9E-B4A6-96DA0F00248B}.Debug|Win32.Build.0 = Debug|Win32
		{78B079BD-9FC7-4B9E-B4A6-96DA0F00248B}.Debug|x64.ActiveCfg = Debug|x64
		{78B079BD-9FC7-4B9E-B4A6-96DA0F00248B}.Debug|x64.Build.0 = Debug|x64
		{78B079BD-9FC7-4B9E-B4A6-96DA0F00248B}.Release|Win32.ActiveCfg = Release|Win32
		{78B079BD-9FC7-4B9E-B4A6-96DA0F00248B}.Release|Win32.Build.0 = Release|Win32
		{78B079BD-9FC7-4B9E-B4A6-96DA0F00248B}.Release|x64.ActiveCfg = Release|x64
		{78B079BD-9FC7-4B9E-B4A6-96DA0F00248B}.Release|x64.Build.0 = Release|x64
	EndGlobalSection
	GlobalSection(SolutionProperties) = preSolution
		HideSolutionNode = FALSE
	EndGlobalSection
	GlobalSection(NestedProjects) = preSolution
		{9E219DF2-315D-478E-8A07-8960C377CE1E} = {55CE1598-4700-4CED-A74B-2A6F6BAB3237}
		{5E1D4E5F-E10C-4BA3-B663-F33014FD21D9} = {55CE1598-4700-4CED-A74B-2A6F6BAB3237}
		{E3536C28-A7F1-4B53-8E52-7D2232F9E098} = {55CE1598-4700-4CED-A74B-2A6F6BAB3237}
		{7DB10B50-CE00-4D7A-B322-6824F05D2FCB} = {55CE1598-4700-4CED-A74B-2A6F6BAB3237}
		{07F662C1-1323-42AB-B6AF-FBFD34A7437A} = {55CE1598-4700-4CED-A74B-2A6F6BAB3237}
		{EC085CBD-E9C3-477F-9A97-CB9D5DA30E27} = {55CE1598-4700-4CED-A74B-2A6F6BAB3237}
		{33134F61-C1AD-4B6F-9CEA-503A9F140C52} = {55CE1598-4700-4CED-A74B-2A6F6BAB3237}
		{17A4874B-0606-4687-90B6-F91F8CB3B8AF} = {55CE1598-4700-4CED-A74B-2A6F6BAB3237}
		{25DB048A-43E0-4462-88E4-117A6DAC8127} = {94E78C48-A740-4CAD-86B5-8373F5CC5DB1}
		{00E7A70D-4868-4592-B0FE-B2947BC67FFE} = {94E78C48-A740-4CAD-86B5-8373F5CC5DB1}
		{A1D06B20-9505-4D4A-9713-975D21EEE9BE} = {94E78C48-A740-4CAD-86B5-8373F5CC5DB1}
	EndGlobalSection
EndGlobal
