<?xml version="1.0" encoding="utf-8"?>
<Project ToolsVersion="4.0" xmlns="http://schemas.microsoft.com/developer/msbuild/2003">
  <ItemGroup>
    <ClInclude Include="PCH.h" />
    <ClInclude Include="Widget.h">
      <Filter>Core</Filter>
    </ClInclude>
    <ClInclude Include="Utilities.h">
      <Filter>Core</Filter>
    </ClInclude>
    <ClInclude Include="Root.h">
      <Filter>Core</Filter>
    </ClInclude>
    <ClInclude Include="Image.h">
      <Filter>Basic_Controls</Filter>
    </ClInclude>
    <ClInclude Include="standard_skin.h">
      <Filter>Skin</Filter>
    </ClInclude>
    <ClInclude Include="IRenderer.h">
      <Filter>Core\Interfaces</Filter>
    </ClInclude>
    <ClInclude Include="ITexture.h">
      <Filter>Core\Interfaces</Filter>
    </ClInclude>
    <ClInclude Include="IWidget.h">
      <Filter>Core\Interfaces</Filter>
    </ClInclude>
    <ClInclude Include="ISkin.h">
      <Filter>Core\Interfaces</Filter>
    </ClInclude>
    <ClInclude Include="Button.h">
      <Filter>Basic_Controls</Filter>
    </ClInclude>
    <ClInclude Include="Text.h">
      <Filter>Basic_Controls</Filter>
    </ClInclude>
    <ClInclude Include="IFont.h">
      <Filter>Core\Interfaces</Filter>
    </ClInclude>
    <ClInclude Include="IInput.h">
      <Filter>Core\Interfaces</Filter>
    </ClInclude>
    <ClInclude Include="IFont_Factory.h">
      <Filter>Core\Interfaces</Filter>
    </ClInclude>
    <ClInclude Include="Font_Factory.h">
      <Filter>Font_Factory</Filter>
    </ClInclude>
    <ClInclude Include="Common.h">
      <Filter>Core</Filter>
    </ClInclude>
    <ClInclude Include="Renderer.h">
      <Filter>Core</Filter>
    </ClInclude>
    <ClInclude Include="CheckBox.h">
      <Filter>Basic_Controls</Filter>
    </ClInclude>
    <ClInclude Include="Radio_Group.h">
      <Filter>Basic_Controls</Filter>
    </ClInclude>
    <ClInclude Include="Window.h">
      <Filter>Basic_Controls</Filter>
    </ClInclude>
    <ClInclude Include="FPS.h">
      <Filter>Advanced_Controls</Filter>
    </ClInclude>
    <ClInclude Include="TextBox.h">
      <Filter>Basic_Controls</Filter>
    </ClInclude>
    <ClInclude Include="Text_Box.h">
      <Filter>Basic_Controls</Filter>
    </ClInclude>
  </ItemGroup>
  <ItemGroup>
    <ClCompile Include="PCH.cpp" />
    <ClCompile Include="Utilities.cpp">
      <Filter>Core</Filter>
    </ClCompile>
    <ClCompile Include="Widget.cpp">
      <Filter>Core</Filter>
    </ClCompile>
    <ClCompile Include="Root.cpp">
      <Filter>Core</Filter>
    </ClCompile>
    <ClCompile Include="Image.cpp">
      <Filter>Basic_Controls</Filter>
    </ClCompile>
    <ClCompile Include="Standard_Skin.cpp">
      <Filter>Skin</Filter>
    </ClCompile>
    <ClCompile Include="IWidget.cpp">
      <Filter>Core\Interfaces</Filter>
    </ClCompile>
    <ClCompile Include="Button.cpp">
      <Filter>Basic_Controls</Filter>
    </ClCompile>
    <ClCompile Include="Text.cpp">
      <Filter>Basic_Controls</Filter>
    </ClCompile>
    <ClCompile Include="Font_Factory.cpp">
      <Filter>Font_Factory</Filter>
    </ClCompile>
    <ClCompile Include="Renderer.cpp">
      <Filter>Core</Filter>
    </ClCompile>
    <ClCompile Include="CheckBox.cpp">
      <Filter>Basic_Controls</Filter>
    </ClCompile>
    <ClCompile Include="Radio_Group.cpp">
      <Filter>Basic_Controls</Filter>
    </ClCompile>
    <ClCompile Include="IInput.cpp">
      <Filter>Core\Interfaces</Filter>
    </ClCompile>
    <ClCompile Include="Window.cpp">
      <Filter>Basic_Controls</Filter>
    </ClCompile>
    <ClCompile Include="FPS.cpp">
      <Filter>Advanced_Controls</Filter>
    </ClCompile>
    <ClCompile Include="Text_Box.cpp">
      <Filter>Basic_Controls</Filter>
    </ClCompile>
  </ItemGroup>
  <ItemGroup>
    <Filter Include="Core">
      <UniqueIdentifier>{2ea1e835-8ecb-46cb-82ca-6a87018fa9d5}</UniqueIdentifier>
    </Filter>
    <Filter Include="Skin">
      <UniqueIdentifier>{7c2ae8fe-41dd-4094-b2fa-5da6f5014d1f}</UniqueIdentifier>
    </Filter>
    <Filter Include="Core\Interfaces">
      <UniqueIdentifier>{643f4f94-c5e0-4d77-b8dd-61dce2cf1371}</UniqueIdentifier>
    </Filter>
    <Filter Include="Font_Factory">
      <UniqueIdentifier>{09983698-5414-45b5-946a-a41cb3ffd5d3}</UniqueIdentifier>
    </Filter>
    <Filter Include="Basic_Controls">
      <UniqueIdentifier>{c902a21d-69c6-4423-941b-0bc45a424195}</UniqueIdentifier>
    </Filter>
    <Filter Include="Advanced_Controls">
      <UniqueIdentifier>{f94886db-ff4f-4f28-b486-f3a4f1832e42}</UniqueIdentifier>
    </Filter>
  </ItemGroup>
</Project>