<?xml version="1.0" encoding="utf-8"?>
<Project ToolsVersion="4.0" xmlns="http://schemas.microsoft.com/developer/msbuild/2003">
  <ItemGroup>
    <Filter Include="include">
      <UniqueIdentifier>{96d136b5-c972-4b07-9116-c6b78f21c036}</UniqueIdentifier>
    </Filter>
    <Filter Include="include\Compiler">
      <UniqueIdentifier>{c1527a61-0306-455e-a8a4-ff7ed4d4d0c4}</UniqueIdentifier>
    </Filter>
    <Filter Include="include\C++">
      <UniqueIdentifier>{ccab4d8e-af7d-468d-8185-6192d51bdb41}</UniqueIdentifier>
    </Filter>
    <Filter Include="include\C">
      <UniqueIdentifier>{3dbd588e-f1be-4f6b-a599-97c5e66fde42}</UniqueIdentifier>
    </Filter>
    <Filter Include="include\Common">
      <UniqueIdentifier>{0b0488b1-2cdc-4d6a-8b7b-3cd06796abcf}</UniqueIdentifier>
    </Filter>
    <Filter Include="sources">
      <UniqueIdentifier>{2796a5d4-3832-4e45-8eaf-423623e715a5}</UniqueIdentifier>
    </Filter>
    <Filter Include="sources\importers">
      <UniqueIdentifier>{1914bfa4-635b-465a-b377-13e4baa3ef05}</UniqueIdentifier>
    </Filter>
    <Filter Include="sources\importers\3ds">
      <UniqueIdentifier>{3c8cb85a-dc57-43f7-867d-79ad800e5c2a}</UniqueIdentifier>
    </Filter>
    <Filter Include="sources\importers\ase">
      <UniqueIdentifier>{c12a0d72-2f4b-4344-b244-3e0670b37c3c}</UniqueIdentifier>
    </Filter>
    <Filter Include="sources\importers\hmp">
      <UniqueIdentifier>{0842f96c-6541-4618-b4bc-98b8aa0d044c}</UniqueIdentifier>
    </Filter>
    <Filter Include="sources\importers\lwo">
      <UniqueIdentifier>{2f396f02-4493-463a-aadf-07650e1311cd}</UniqueIdentifier>
    </Filter>
    <Filter Include="sources\importers\md3">
      <UniqueIdentifier>{9c2c8469-73a3-402e-9c78-63a5f52b687a}</UniqueIdentifier>
    </Filter>
    <Filter Include="sources\importers\md5">
      <UniqueIdentifier>{afa7f1ab-5116-4638-afaa-fd67735b4bd2}</UniqueIdentifier>
    </Filter>
    <Filter Include="sources\importers\mdc">
      <UniqueIdentifier>{d1bcbe9b-318e-4497-8e84-83e386306b05}</UniqueIdentifier>
    </Filter>
    <Filter Include="sources\importers\mdl">
      <UniqueIdentifier>{32933367-01b7-4619-b479-2a1ba9f830fd}</UniqueIdentifier>
    </Filter>
    <Filter Include="sources\importers\obj">
      <UniqueIdentifier>{c2fdb566-def1-478d-b005-e17eea761259}</UniqueIdentifier>
    </Filter>
    <Filter Include="sources\importers\ply">
      <UniqueIdentifier>{1ff91885-7b38-4a54-82ff-e42d95e55112}</UniqueIdentifier>
    </Filter>
    <Filter Include="sources\importers\smd">
      <UniqueIdentifier>{0ea4d2fe-0987-478c-abc4-9f9ee47391d4}</UniqueIdentifier>
    </Filter>
    <Filter Include="sources\importers\stl">
      <UniqueIdentifier>{832b7c0d-1c4c-4b8e-babb-621660742e5e}</UniqueIdentifier>
    </Filter>
    <Filter Include="sources\importers\x">
      <UniqueIdentifier>{eb045699-47fd-44ad-a502-deb818d89293}</UniqueIdentifier>
    </Filter>
    <Filter Include="sources\importers\dxf">
      <UniqueIdentifier>{d5ebbd46-37a9-4587-a48c-99626e607729}</UniqueIdentifier>
    </Filter>
    <Filter Include="sources\importers\raw">
      <UniqueIdentifier>{c1078f43-5089-4574-83d3-6c02c755b52c}</UniqueIdentifier>
    </Filter>
    <Filter Include="sources\importers\nff">
      <UniqueIdentifier>{59fff8d1-447b-42a0-ac75-d63d82441e8c}</UniqueIdentifier>
    </Filter>
    <Filter Include="sources\importers\off">
      <UniqueIdentifier>{ea23cb28-45ac-4a16-bff8-5b8076d52bc0}</UniqueIdentifier>
    </Filter>
    <Filter Include="sources\importers\ac">
      <UniqueIdentifier>{d29aeaa1-b46c-4896-b721-259c08389c58}</UniqueIdentifier>
    </Filter>
    <Filter Include="sources\importers\lws">
      <UniqueIdentifier>{522d1078-b09b-437f-8acd-7c8474493cfd}</UniqueIdentifier>
    </Filter>
    <Filter Include="sources\importers\bvh">
      <UniqueIdentifier>{f2928ebe-fbf2-403f-85fc-f11d2590f1d0}</UniqueIdentifier>
    </Filter>
    <Filter Include="sources\importers\irrmesh">
      <UniqueIdentifier>{fd659100-c28b-42d9-9f80-6d5213c6d881}</UniqueIdentifier>
    </Filter>
    <Filter Include="sources\importers\irr">
      <UniqueIdentifier>{c03e329b-a5fd-4f60-b334-c3788a965714}</UniqueIdentifier>
    </Filter>
    <Filter Include="sources\importers\q3d">
      <UniqueIdentifier>{a146559a-7f76-4592-9398-25988fdd9878}</UniqueIdentifier>
    </Filter>
    <Filter Include="sources\importers\b3d">
      <UniqueIdentifier>{3ba6ffb1-57a9-4c23-b197-b7c7ee433c02}</UniqueIdentifier>
    </Filter>
    <Filter Include="sources\importers\collada">
      <UniqueIdentifier>{2fc917d8-163f-40cd-9d8d-02a3262d701d}</UniqueIdentifier>
    </Filter>
    <Filter Include="sources\importers\ter">
      <UniqueIdentifier>{05550dbe-4994-408d-b6ff-6794e164ae2a}</UniqueIdentifier>
    </Filter>
    <Filter Include="sources\importers\csm">
      <UniqueIdentifier>{11757df9-43a4-481f-b852-b521381931b4}</UniqueIdentifier>
    </Filter>
    <Filter Include="sources\importers\unreal">
      <UniqueIdentifier>{dac22c5b-6ed7-456a-b59b-82ec4a508331}</UniqueIdentifier>
    </Filter>
    <Filter Include="sources\importers\ndo">
      <UniqueIdentifier>{9fd91408-5e25-4f62-b980-053e316f0f04}</UniqueIdentifier>
    </Filter>
    <Filter Include="sources\importers\ogre">
      <UniqueIdentifier>{a87e7c7d-f814-4c17-90ed-28e13c678680}</UniqueIdentifier>
    </Filter>
    <Filter Include="sources\importers\ms3d">
      <UniqueIdentifier>{8b79c012-f779-4b8b-a8d9-69eebee43c1d}</UniqueIdentifier>
    </Filter>
    <Filter Include="sources\importers\cob">
      <UniqueIdentifier>{a053ebf9-5800-463d-99d1-f426baf89726}</UniqueIdentifier>
    </Filter>
    <Filter Include="sources\importers\blend">
      <UniqueIdentifier>{75ac94ec-225e-491b-94f6-4354a3fd56d7}</UniqueIdentifier>
    </Filter>
    <Filter Include="sources\importers\q3bsp">
      <UniqueIdentifier>{6d65e904-aa79-49c3-bff1-2f90e3907d36}</UniqueIdentifier>
    </Filter>
    <Filter Include="sources\importers\md2">
      <UniqueIdentifier>{277cd3d7-e4bd-4e39-a1cf-a74f83b6a5cd}</UniqueIdentifier>
    </Filter>
    <Filter Include="sources\importers\ifc">
      <UniqueIdentifier>{1ab51efa-f43f-47c5-96df-cdca1002f816}</UniqueIdentifier>
    </Filter>
    <Filter Include="sources\importers\m3">
      <UniqueIdentifier>{17560808-8292-4f05-b754-b7297750493e}</UniqueIdentifier>
    </Filter>
    <Filter Include="sources\importers\xgl">
      <UniqueIdentifier>{b7b23335-784c-4422-83dd-ab6c5397aeff}</UniqueIdentifier>
    </Filter>
    <Filter Include="sources\postprocessing">
      <UniqueIdentifier>{3bfb4df9-a6f0-45e2-893e-33bf94cc800a}</UniqueIdentifier>
    </Filter>
    <Filter Include="sources\core">
      <UniqueIdentifier>{0e6ee979-a921-44a6-9a02-428e11850479}</UniqueIdentifier>
    </Filter>
    <Filter Include="sources\logging">
      <UniqueIdentifier>{f1c66b70-3b59-488b-ab72-0d1316b1bd29}</UniqueIdentifier>
    </Filter>
    <Filter Include="sources\filesystem">
      <UniqueIdentifier>{ad18a957-f8b7-4c14-94e7-c9416947b7af}</UniqueIdentifier>
    </Filter>
    <Filter Include="sources\core_import">
      <UniqueIdentifier>{930249f2-f1a1-46db-be6f-d465beb2f5c0}</UniqueIdentifier>
    </Filter>
    <Filter Include="sources\extern">
      <UniqueIdentifier>{b7ca3ffc-a593-4bd7-b744-18734507c8b7}</UniqueIdentifier>
    </Filter>
    <Filter Include="sources\extern\irrXML">
      <UniqueIdentifier>{58c810b8-a5b4-4586-8a41-e6ba7d079aef}</UniqueIdentifier>
    </Filter>
    <Filter Include="sources\extern\zLib">
      <UniqueIdentifier>{4f3c0f39-9e00-4777-b056-295a932f9ad4}</UniqueIdentifier>
    </Filter>
    <Filter Include="sources\extern\ConvertUTF">
      <UniqueIdentifier>{0d294fe1-e858-4bb3-9e24-fb48740e7b7f}</UniqueIdentifier>
    </Filter>
    <Filter Include="sources\extern\poly2tri">
      <UniqueIdentifier>{7f94a2f7-5cef-42be-9e80-2d7ebdff25ee}</UniqueIdentifier>
    </Filter>
    <Filter Include="sources\extern\clipper">
      <UniqueIdentifier>{3d2812dc-2484-4ab0-9254-2e27d68c3c38}</UniqueIdentifier>
    </Filter>
    <Filter Include="sources\noboost">
      <UniqueIdentifier>{23d80159-4afd-463d-8d59-a8d3c6facd6f}</UniqueIdentifier>
    </Filter>
    <Filter Include="sources\noboost\tuple">
      <UniqueIdentifier>{1b5d0ea1-8955-4eda-86f3-af75c7ad4630}</UniqueIdentifier>
    </Filter>
    <Filter Include="sources\noboost\math">
      <UniqueIdentifier>{5e88d29f-83d7-4e19-8310-bb5c9556101e}</UniqueIdentifier>
    </Filter>
    <Filter Include="sources\core_export">
      <UniqueIdentifier>{1dbc1763-2a2f-4ed2-9370-0586e03c8042}</UniqueIdentifier>
    </Filter>
    <Filter Include="sources\exporters">
      <UniqueIdentifier>{db8b67cf-2b9d-4791-a1c8-3f525ed2cc58}</UniqueIdentifier>
    </Filter>
    <Filter Include="sources\exporters\collada">
      <UniqueIdentifier>{b4aa3e9c-47a8-47e2-af66-55cdded9e30e}</UniqueIdentifier>
    </Filter>
    <Filter Include="sources\exporters\obj">
      <UniqueIdentifier>{6ada1a54-e962-4067-9d8f-5a7a35f47b56}</UniqueIdentifier>
    </Filter>
    <Filter Include="sources\exporters\stl">
      <UniqueIdentifier>{7f0894b5-ed09-420d-b022-534b81af55fe}</UniqueIdentifier>
    </Filter>
    <Filter Include="sources\exporters\ply">
      <UniqueIdentifier>{6a956078-209e-4201-86a9-aac0b9ca0a0c}</UniqueIdentifier>
    </Filter>
    <Filter Include="doc">
      <UniqueIdentifier>{0f0f7a5b-ce81-4384-8b31-7b2e4e0f88bf}</UniqueIdentifier>
    </Filter>
    <Filter Include="resources">
      <UniqueIdentifier>{6d3dfc8d-08df-4320-b3de-c9dc2d76eded}</UniqueIdentifier>
    </Filter>
  </ItemGroup>
  <ItemGroup>
    <ClInclude Include="..\..\include\assimp\Compiler\poppack1.h">
      <Filter>include\Compiler</Filter>
    </ClInclude>
    <ClInclude Include="..\..\include\assimp\Compiler\pushpack1.h">
      <Filter>include\Compiler</Filter>
    </ClInclude>
    <ClInclude Include="..\..\include\assimp\DefaultLogger.hpp">
      <Filter>include\C++</Filter>
    </ClInclude>
    <ClInclude Include="..\..\include\assimp\Exporter.hpp">
      <Filter>include\C++</Filter>
    </ClInclude>
    <ClInclude Include="..\..\include\assimp\Importer.hpp">
      <Filter>include\C++</Filter>
    </ClInclude>
    <ClInclude Include="..\..\include\assimp\IOStream.hpp">
      <Filter>include\C++</Filter>
    </ClInclude>
    <ClInclude Include="..\..\include\assimp\IOSystem.hpp">
      <Filter>include\C++</Filter>
    </ClInclude>
    <ClInclude Include="..\..\include\assimp\Logger.hpp">
      <Filter>include\C++</Filter>
    </ClInclude>
    <ClInclude Include="..\..\include\assimp\LogStream.hpp">
      <Filter>include\C++</Filter>
    </ClInclude>
    <ClInclude Include="..\..\include\assimp\NullLogger.hpp">
      <Filter>include\C++</Filter>
    </ClInclude>
    <ClInclude Include="..\..\include\assimp\ProgressHandler.hpp">
      <Filter>include\C++</Filter>
    </ClInclude>
    <ClInclude Include="..\..\include\assimp\cexport.h">
      <Filter>include\C</Filter>
    </ClInclude>
    <ClInclude Include="..\..\include\assimp\cfileio.h">
      <Filter>include\C</Filter>
    </ClInclude>
    <ClInclude Include="..\..\include\assimp\cimport.h">
      <Filter>include\C</Filter>
    </ClInclude>
    <ClInclude Include="..\..\include\assimp\ai_assert.h">
      <Filter>include\Common</Filter>
    </ClInclude>
    <ClInclude Include="..\..\include\assimp\anim.h">
      <Filter>include\Common</Filter>
    </ClInclude>
    <ClInclude Include="..\..\include\assimp\camera.h">
      <Filter>include\Common</Filter>
    </ClInclude>
    <ClInclude Include="..\..\include\assimp\color4.h">
      <Filter>include\Common</Filter>
    </ClInclude>
    <ClInclude Include="..\..\include\assimp\config.h">
      <Filter>include\Common</Filter>
    </ClInclude>
    <ClInclude Include="..\..\include\assimp\defs.h">
      <Filter>include\Common</Filter>
    </ClInclude>
    <ClInclude Include="..\..\include\assimp\importerdesc.h">
      <Filter>include\Common</Filter>
    </ClInclude>
    <ClInclude Include="..\..\include\assimp\light.h">
      <Filter>include\Common</Filter>
    </ClInclude>
    <ClInclude Include="..\..\include\assimp\material.h">
      <Filter>include\Common</Filter>
    </ClInclude>
    <ClInclude Include="..\..\include\assimp\matrix3x3.h">
      <Filter>include\Common</Filter>
    </ClInclude>
    <ClInclude Include="..\..\include\assimp\matrix4x4.h">
      <Filter>include\Common</Filter>
    </ClInclude>
    <ClInclude Include="..\..\include\assimp\mesh.h">
      <Filter>include\Common</Filter>
    </ClInclude>
    <ClInclude Include="..\..\include\assimp\postprocess.h">
      <Filter>include\Common</Filter>
    </ClInclude>
    <ClInclude Include="..\..\include\assimp\quaternion.h">
      <Filter>include\Common</Filter>
    </ClInclude>
    <ClInclude Include="..\..\include\assimp\scene.h">
      <Filter>include\Common</Filter>
    </ClInclude>
    <ClInclude Include="..\..\include\assimp\texture.h">
      <Filter>include\Common</Filter>
    </ClInclude>
    <ClInclude Include="..\..\include\assimp\types.h">
      <Filter>include\Common</Filter>
    </ClInclude>
    <ClInclude Include="..\..\include\assimp\vector2.h">
      <Filter>include\Common</Filter>
    </ClInclude>
    <ClInclude Include="..\..\include\assimp\vector3.h">
      <Filter>include\Common</Filter>
    </ClInclude>
    <ClInclude Include="..\..\include\assimp\version.h">
      <Filter>include\Common</Filter>
    </ClInclude>
    <ClInclude Include="..\..\code\3DSHelper.h">
      <Filter>sources\importers\3ds</Filter>
    </ClInclude>
    <ClInclude Include="..\..\code\3DSLoader.h">
      <Filter>sources\importers\3ds</Filter>
    </ClInclude>
    <ClInclude Include="..\..\code\ASELoader.h">
      <Filter>sources\importers\ase</Filter>
    </ClInclude>
    <ClInclude Include="..\..\code\ASEParser.h">
      <Filter>sources\importers\ase</Filter>
    </ClInclude>
    <ClInclude Include="..\..\code\HMPFileData.h">
      <Filter>sources\importers\hmp</Filter>
    </ClInclude>
    <ClInclude Include="..\..\code\HMPLoader.h">
      <Filter>sources\importers\hmp</Filter>
    </ClInclude>
    <ClInclude Include="..\..\code\LWOFileData.h">
      <Filter>sources\importers\lwo</Filter>
    </ClInclude>
    <ClInclude Include="..\..\code\LWOLoader.h">
      <Filter>sources\importers\lwo</Filter>
    </ClInclude>
    <ClInclude Include="..\..\code\MD3FileData.h">
      <Filter>sources\importers\md3</Filter>
    </ClInclude>
    <ClInclude Include="..\..\code\MD3Loader.h">
      <Filter>sources\importers\md3</Filter>
    </ClInclude>
    <ClInclude Include="..\..\code\MD5Loader.h">
      <Filter>sources\importers\md5</Filter>
    </ClInclude>
    <ClInclude Include="..\..\code\MD5Parser.h">
      <Filter>sources\importers\md5</Filter>
    </ClInclude>
    <ClInclude Include="..\..\code\MDCFileData.h">
      <Filter>sources\importers\mdc</Filter>
    </ClInclude>
    <ClInclude Include="..\..\code\MDCLoader.h">
      <Filter>sources\importers\mdc</Filter>
    </ClInclude>
    <ClInclude Include="..\..\code\MDCNormalTable.h">
      <Filter>sources\importers\mdc</Filter>
    </ClInclude>
    <ClInclude Include="..\..\code\HalfLifeFileData.h">
      <Filter>sources\importers\mdl</Filter>
    </ClInclude>
    <ClInclude Include="..\..\code\MDLDefaultColorMap.h">
      <Filter>sources\importers\mdl</Filter>
    </ClInclude>
    <ClInclude Include="..\..\code\MDLFileData.h">
      <Filter>sources\importers\mdl</Filter>
    </ClInclude>
    <ClInclude Include="..\..\code\MDLLoader.h">
      <Filter>sources\importers\mdl</Filter>
    </ClInclude>
    <ClInclude Include="..\..\code\ObjFileData.h">
      <Filter>sources\importers\obj</Filter>
    </ClInclude>
    <ClInclude Include="..\..\code\ObjFileImporter.h">
      <Filter>sources\importers\obj</Filter>
    </ClInclude>
    <ClInclude Include="..\..\code\ObjFileMtlImporter.h">
      <Filter>sources\importers\obj</Filter>
    </ClInclude>
    <ClInclude Include="..\..\code\ObjFileParser.h">
      <Filter>sources\importers\obj</Filter>
    </ClInclude>
    <ClInclude Include="..\..\code\ObjTools.h">
      <Filter>sources\importers\obj</Filter>
    </ClInclude>
    <ClInclude Include="..\..\code\PlyLoader.h">
      <Filter>sources\importers\ply</Filter>
    </ClInclude>
    <ClInclude Include="..\..\code\PlyParser.h">
      <Filter>sources\importers\ply</Filter>
    </ClInclude>
    <ClInclude Include="..\..\code\SMDLoader.h">
      <Filter>sources\importers\smd</Filter>
    </ClInclude>
    <ClInclude Include="..\..\code\STLLoader.h">
      <Filter>sources\importers\stl</Filter>
    </ClInclude>
    <ClInclude Include="..\..\code\XFileHelper.h">
      <Filter>sources\importers\x</Filter>
    </ClInclude>
    <ClInclude Include="..\..\code\XFileImporter.h">
      <Filter>sources\importers\x</Filter>
    </ClInclude>
    <ClInclude Include="..\..\code\XFileParser.h">
      <Filter>sources\importers\x</Filter>
    </ClInclude>
    <ClInclude Include="..\..\code\DXFHelper.h">
      <Filter>sources\importers\dxf</Filter>
    </ClInclude>
    <ClInclude Include="..\..\code\DXFLoader.h">
      <Filter>sources\importers\dxf</Filter>
    </ClInclude>
    <ClInclude Include="..\..\code\RawLoader.h">
      <Filter>sources\importers\raw</Filter>
    </ClInclude>
    <ClInclude Include="..\..\code\NFFLoader.h">
      <Filter>sources\importers\nff</Filter>
    </ClInclude>
    <ClInclude Include="..\..\code\OFFLoader.h">
      <Filter>sources\importers\off</Filter>
    </ClInclude>
    <ClInclude Include="..\..\code\ACLoader.h">
      <Filter>sources\importers\ac</Filter>
    </ClInclude>
    <ClInclude Include="..\..\code\LWOAnimation.h">
      <Filter>sources\importers\lws</Filter>
    </ClInclude>
    <ClInclude Include="..\..\code\LWSLoader.h">
      <Filter>sources\importers\lws</Filter>
    </ClInclude>
    <ClInclude Include="..\..\code\BVHLoader.h">
      <Filter>sources\importers\bvh</Filter>
    </ClInclude>
    <ClInclude Include="..\..\code\IRRMeshLoader.h">
      <Filter>sources\importers\irrmesh</Filter>
    </ClInclude>
    <ClInclude Include="..\..\code\IRRLoader.h">
      <Filter>sources\importers\irr</Filter>
    </ClInclude>
    <ClInclude Include="..\..\code\IRRShared.h">
      <Filter>sources\importers\irr</Filter>
    </ClInclude>
    <ClInclude Include="..\..\code\Q3DLoader.h">
      <Filter>sources\importers\q3d</Filter>
    </ClInclude>
    <ClInclude Include="..\..\code\B3DImporter.h">
      <Filter>sources\importers\b3d</Filter>
    </ClInclude>
    <ClInclude Include="..\..\code\ColladaHelper.h">
      <Filter>sources\importers\collada</Filter>
    </ClInclude>
    <ClInclude Include="..\..\code\ColladaLoader.h">
      <Filter>sources\importers\collada</Filter>
    </ClInclude>
    <ClInclude Include="..\..\code\ColladaParser.h">
      <Filter>sources\importers\collada</Filter>
    </ClInclude>
    <ClInclude Include="..\..\code\TerragenLoader.h">
      <Filter>sources\importers\ter</Filter>
    </ClInclude>
    <ClInclude Include="..\..\code\CSMLoader.h">
      <Filter>sources\importers\csm</Filter>
    </ClInclude>
    <ClInclude Include="..\..\code\UnrealLoader.h">
      <Filter>sources\importers\unreal</Filter>
    </ClInclude>
    <ClInclude Include="..\..\code\NDOLoader.h">
      <Filter>sources\importers\ndo</Filter>
    </ClInclude>
    <ClInclude Include="..\..\code\OgreImporter.hpp">
      <Filter>sources\importers\ogre</Filter>
    </ClInclude>
    <ClInclude Include="..\..\code\OgreXmlHelper.h">
      <Filter>sources\importers\ogre</Filter>
    </ClInclude>
    <ClInclude Include="..\..\code\OgreXmlHelper.hpp">
      <Filter>sources\importers\ogre</Filter>
    </ClInclude>
    <ClInclude Include="..\..\code\MS3DLoader.h">
      <Filter>sources\importers\ms3d</Filter>
    </ClInclude>
    <ClInclude Include="..\..\code\COBLoader.h">
      <Filter>sources\importers\cob</Filter>
    </ClInclude>
    <ClInclude Include="..\..\code\COBScene.h">
      <Filter>sources\importers\cob</Filter>
    </ClInclude>
    <ClInclude Include="..\..\code\BlenderDNA.h">
      <Filter>sources\importers\blend</Filter>
    </ClInclude>
    <ClInclude Include="..\..\code\BlenderIntermediate.h">
      <Filter>sources\importers\blend</Filter>
    </ClInclude>
    <ClInclude Include="..\..\code\BlenderLoader.h">
      <Filter>sources\importers\blend</Filter>
    </ClInclude>
    <ClInclude Include="..\..\code\BlenderModifier.h">
      <Filter>sources\importers\blend</Filter>
    </ClInclude>
    <ClInclude Include="..\..\code\BlenderScene.h">
      <Filter>sources\importers\blend</Filter>
    </ClInclude>
    <ClInclude Include="..\..\code\BlenderSceneGen.h">
      <Filter>sources\importers\blend</Filter>
    </ClInclude>
    <ClInclude Include="..\..\code\Q3BSPFileData.h">
      <Filter>sources\importers\q3bsp</Filter>
    </ClInclude>
    <ClInclude Include="..\..\code\Q3BSPFileImporter.h">
      <Filter>sources\importers\q3bsp</Filter>
    </ClInclude>
    <ClInclude Include="..\..\code\Q3BSPFileParser.h">
      <Filter>sources\importers\q3bsp</Filter>
    </ClInclude>
    <ClInclude Include="..\..\code\Q3BSPZipArchive.h">
      <Filter>sources\importers\q3bsp</Filter>
    </ClInclude>
    <ClInclude Include="..\..\code\MD2FileData.h">
      <Filter>sources\importers\md2</Filter>
    </ClInclude>
    <ClInclude Include="..\..\code\MD2Loader.h">
      <Filter>sources\importers\md2</Filter>
    </ClInclude>
    <ClInclude Include="..\..\code\MD2NormalTable.h">
      <Filter>sources\importers\md2</Filter>
    </ClInclude>
    <ClInclude Include="..\..\code\IFCLoader.h">
      <Filter>sources\importers\ifc</Filter>
    </ClInclude>
    <ClInclude Include="..\..\code\IFCReaderGen.h">
      <Filter>sources\importers\ifc</Filter>
    </ClInclude>
    <ClInclude Include="..\..\code\IFCUtil.h">
      <Filter>sources\importers\ifc</Filter>
    </ClInclude>
    <ClInclude Include="..\..\code\STEPFile.h">
      <Filter>sources\importers\ifc</Filter>
    </ClInclude>
    <ClInclude Include="..\..\code\STEPFileReader.h">
      <Filter>sources\importers\ifc</Filter>
    </ClInclude>
    <ClInclude Include="..\..\code\M3Importer.h">
      <Filter>sources\importers\m3</Filter>
    </ClInclude>
    <ClInclude Include="..\..\code\XGLLoader.h">
      <Filter>sources\importers\xgl</Filter>
    </ClInclude>
    <ClInclude Include="..\..\code\BaseProcess.h">
      <Filter>sources\postprocessing</Filter>
    </ClInclude>
    <ClInclude Include="..\..\code\CalcTangentsProcess.h">
      <Filter>sources\postprocessing</Filter>
    </ClInclude>
    <ClInclude Include="..\..\code\ComputeUVMappingProcess.h">
      <Filter>sources\postprocessing</Filter>
    </ClInclude>
    <ClInclude Include="..\..\code\ConvertToLHProcess.h">
      <Filter>sources\postprocessing</Filter>
    </ClInclude>
    <ClInclude Include="..\..\code\DeboneProcess.h">
      <Filter>sources\postprocessing</Filter>
    </ClInclude>
    <ClInclude Include="..\..\code\FindDegenerates.h">
      <Filter>sources\postprocessing</Filter>
    </ClInclude>
    <ClInclude Include="..\..\code\FindInstancesProcess.h">
      <Filter>sources\postprocessing</Filter>
    </ClInclude>
    <ClInclude Include="..\..\code\FindInvalidDataProcess.h">
      <Filter>sources\postprocessing</Filter>
    </ClInclude>
    <ClInclude Include="..\..\code\FixNormalsStep.h">
      <Filter>sources\postprocessing</Filter>
    </ClInclude>
    <ClInclude Include="..\..\code\GenFaceNormalsProcess.h">
      <Filter>sources\postprocessing</Filter>
    </ClInclude>
    <ClInclude Include="..\..\code\GenVertexNormalsProcess.h">
      <Filter>sources\postprocessing</Filter>
    </ClInclude>
    <ClInclude Include="..\..\code\ImproveCacheLocality.h">
      <Filter>sources\postprocessing</Filter>
    </ClInclude>
    <ClInclude Include="..\..\code\JoinVerticesProcess.h">
      <Filter>sources\postprocessing</Filter>
    </ClInclude>
    <ClInclude Include="..\..\code\LimitBoneWeightsProcess.h">
      <Filter>sources\postprocessing</Filter>
    </ClInclude>
    <ClInclude Include="..\..\code\MakeVerboseFormat.h">
      <Filter>sources\postprocessing</Filter>
    </ClInclude>
    <ClInclude Include="..\..\code\OptimizeGraph.h">
      <Filter>sources\postprocessing</Filter>
    </ClInclude>
    <ClInclude Include="..\..\code\OptimizeMeshes.h">
      <Filter>sources\postprocessing</Filter>
    </ClInclude>
    <ClInclude Include="..\..\code\PretransformVertices.h">
      <Filter>sources\postprocessing</Filter>
    </ClInclude>
    <ClInclude Include="..\..\code\ProcessHelper.h">
      <Filter>sources\postprocessing</Filter>
    </ClInclude>
    <ClInclude Include="..\..\code\RemoveRedundantMaterials.h">
      <Filter>sources\postprocessing</Filter>
    </ClInclude>
    <ClInclude Include="..\..\code\RemoveVCProcess.h">
      <Filter>sources\postprocessing</Filter>
    </ClInclude>
    <ClInclude Include="..\..\code\SortByPTypeProcess.h">
      <Filter>sources\postprocessing</Filter>
    </ClInclude>
    <ClInclude Include="..\..\code\SplitByBoneCountProcess.h">
      <Filter>sources\postprocessing</Filter>
    </ClInclude>
    <ClInclude Include="..\..\code\SplitLargeMeshes.h">
      <Filter>sources\postprocessing</Filter>
    </ClInclude>
    <ClInclude Include="..\..\code\TextureTransform.h">
      <Filter>sources\postprocessing</Filter>
    </ClInclude>
    <ClInclude Include="..\..\code\TriangulateProcess.h">
      <Filter>sources\postprocessing</Filter>
    </ClInclude>
    <ClInclude Include="..\..\code\ValidateDataStructure.h">
      <Filter>sources\postprocessing</Filter>
    </ClInclude>
    <ClInclude Include="..\..\code\AssimpPCH.h">
      <Filter>sources\core</Filter>
    </ClInclude>
    <ClInclude Include="..\..\code\ByteSwap.h">
      <Filter>sources\core</Filter>
    </ClInclude>
    <ClInclude Include="..\..\code\Exceptional.h">
      <Filter>sources\core</Filter>
    </ClInclude>
    <ClInclude Include="..\..\code\GenericProperty.h">
      <Filter>sources\core</Filter>
    </ClInclude>
    <ClInclude Include="..\..\code\Hash.h">
      <Filter>sources\core</Filter>
    </ClInclude>
    <ClInclude Include="..\..\code\LogAux.h">
      <Filter>sources\core</Filter>
    </ClInclude>
    <ClInclude Include="..\..\code\MaterialSystem.h">
      <Filter>sources\core</Filter>
    </ClInclude>
    <ClInclude Include="..\..\code\PolyTools.h">
      <Filter>sources\core</Filter>
    </ClInclude>
    <ClInclude Include="..\..\code\Profiler.h">
      <Filter>sources\core</Filter>
    </ClInclude>
    <ClInclude Include="..\..\code\qnan.h">
      <Filter>sources\core</Filter>
    </ClInclude>
    <ClInclude Include="..\..\code\ScenePrivate.h">
      <Filter>sources\core</Filter>
    </ClInclude>
    <ClInclude Include="..\..\code\StandardShapes.h">
      <Filter>sources\core</Filter>
    </ClInclude>
    <ClInclude Include="..\..\code\StringComparison.h">
      <Filter>sources\core</Filter>
    </ClInclude>
    <ClInclude Include="..\..\code\TinyFormatter.h">
      <Filter>sources\core</Filter>
    </ClInclude>
    <ClInclude Include="..\..\code\Vertex.h">
      <Filter>sources\core</Filter>
    </ClInclude>
    <ClInclude Include="..\..\code\FileLogStream.h">
      <Filter>sources\logging</Filter>
    </ClInclude>
    <ClInclude Include="..\..\code\StdOStreamLogStream.h">
      <Filter>sources\logging</Filter>
    </ClInclude>
    <ClInclude Include="..\..\code\Win32DebugLogStream.h">
      <Filter>sources\logging</Filter>
    </ClInclude>
    <ClInclude Include="..\..\code\CInterfaceIOWrapper.h">
      <Filter>sources\filesystem</Filter>
    </ClInclude>
    <ClInclude Include="..\..\code\DefaultIOStream.h">
      <Filter>sources\filesystem</Filter>
    </ClInclude>
    <ClInclude Include="..\..\code\DefaultIOSystem.h">
      <Filter>sources\filesystem</Filter>
    </ClInclude>
    <ClInclude Include="..\..\code\FileSystemFilter.h">
      <Filter>sources\filesystem</Filter>
    </ClInclude>
    <ClInclude Include="..\..\code\MemoryIOWrapper.h">
      <Filter>sources\filesystem</Filter>
    </ClInclude>
    <ClInclude Include="..\..\code\BaseImporter.h">
      <Filter>sources\core_import</Filter>
    </ClInclude>
    <ClInclude Include="..\..\code\DefaultProgressHandler.h">
      <Filter>sources\core_import</Filter>
    </ClInclude>
    <ClInclude Include="..\..\code\fast_atof.h">
      <Filter>sources\core_import</Filter>
    </ClInclude>
    <ClInclude Include="..\..\code\IFF.h">
      <Filter>sources\core_import</Filter>
    </ClInclude>
    <ClInclude Include="..\..\code\Importer.h">
      <Filter>sources\core_import</Filter>
    </ClInclude>
    <ClInclude Include="..\..\code\LineSplitter.h">
      <Filter>sources\core_import</Filter>
    </ClInclude>
    <ClInclude Include="..\..\code\ParsingUtils.h">
      <Filter>sources\core_import</Filter>
    </ClInclude>
    <ClInclude Include="..\..\code\RemoveComments.h">
      <Filter>sources\core_import</Filter>
    </ClInclude>
    <ClInclude Include="..\..\code\SceneCombiner.h">
      <Filter>sources\core_import</Filter>
    </ClInclude>
    <ClInclude Include="..\..\code\ScenePreprocessor.h">
      <Filter>sources\core_import</Filter>
    </ClInclude>
    <ClInclude Include="..\..\code\SGSpatialSort.h">
      <Filter>sources\core_import</Filter>
    </ClInclude>
    <ClInclude Include="..\..\code\SkeletonMeshBuilder.h">
      <Filter>sources\core_import</Filter>
    </ClInclude>
    <ClInclude Include="..\..\code\SmoothingGroups.h">
      <Filter>sources\core_import</Filter>
    </ClInclude>
    <ClInclude Include="..\..\code\SpatialSort.h">
      <Filter>sources\core_import</Filter>
    </ClInclude>
    <ClInclude Include="..\..\code\StreamReader.h">
      <Filter>sources\core_import</Filter>
    </ClInclude>
    <ClInclude Include="..\..\code\Subdivision.h">
      <Filter>sources\core_import</Filter>
    </ClInclude>
    <ClInclude Include="..\..\code\TargetAnimation.h">
      <Filter>sources\core_import</Filter>
    </ClInclude>
    <ClInclude Include="..\..\code\VertexTriangleAdjacency.h">
      <Filter>sources\core_import</Filter>
    </ClInclude>
    <ClInclude Include="..\..\contrib\irrXML\CXMLReaderImpl.h">
      <Filter>sources\extern\irrXML</Filter>
    </ClInclude>
    <ClInclude Include="..\..\contrib\irrXML\fast_atof.h">
      <Filter>sources\extern\irrXML</Filter>
    </ClInclude>
    <ClInclude Include="..\..\contrib\irrXML\heapsort.h">
      <Filter>sources\extern\irrXML</Filter>
    </ClInclude>
    <ClInclude Include="..\..\contrib\irrXML\irrArray.h">
      <Filter>sources\extern\irrXML</Filter>
    </ClInclude>
    <ClInclude Include="..\..\contrib\irrXML\irrString.h">
      <Filter>sources\extern\irrXML</Filter>
    </ClInclude>
    <ClInclude Include="..\..\contrib\irrXML\irrTypes.h">
      <Filter>sources\extern\irrXML</Filter>
    </ClInclude>
    <ClInclude Include="..\..\contrib\irrXML\irrXML.h">
      <Filter>sources\extern\irrXML</Filter>
    </ClInclude>
    <ClInclude Include="..\..\code\irrXMLWrapper.h">
      <Filter>sources\extern\irrXML</Filter>
    </ClInclude>
    <ClInclude Include="..\..\contrib\zlib\crc32.h">
      <Filter>sources\extern\zLib</Filter>
    </ClInclude>
    <ClInclude Include="..\..\contrib\unzip\crypt.h">
      <Filter>sources\extern\zLib</Filter>
    </ClInclude>
    <ClInclude Include="..\..\contrib\zlib\inffast.h">
      <Filter>sources\extern\zLib</Filter>
    </ClInclude>
    <ClInclude Include="..\..\contrib\zlib\inffixed.h">
      <Filter>sources\extern\zLib</Filter>
    </ClInclude>
    <ClInclude Include="..\..\contrib\zlib\inflate.h">
      <Filter>sources\extern\zLib</Filter>
    </ClInclude>
    <ClInclude Include="..\..\contrib\zlib\inftrees.h">
      <Filter>sources\extern\zLib</Filter>
    </ClInclude>
    <ClInclude Include="..\..\contrib\unzip\ioapi.h">
      <Filter>sources\extern\zLib</Filter>
    </ClInclude>
    <ClInclude Include="..\..\contrib\unzip\unzip.h">
      <Filter>sources\extern\zLib</Filter>
    </ClInclude>
    <ClInclude Include="..\..\contrib\zlib\zconf.h">
      <Filter>sources\extern\zLib</Filter>
    </ClInclude>
    <ClInclude Include="..\..\contrib\zlib\zconf.in.h">
      <Filter>sources\extern\zLib</Filter>
    </ClInclude>
    <ClInclude Include="..\..\contrib\zlib\zlib.h">
      <Filter>sources\extern\zLib</Filter>
    </ClInclude>
    <ClInclude Include="..\..\contrib\zlib\zutil.h">
      <Filter>sources\extern\zLib</Filter>
    </ClInclude>
    <ClInclude Include="..\..\contrib\ConvertUTF\ConvertUTF.h">
      <Filter>sources\extern\ConvertUTF</Filter>
    </ClInclude>
    <ClInclude Include="..\..\contrib\poly2tri\poly2tri\sweep\advancing_front.h">
      <Filter>sources\extern\poly2tri</Filter>
    </ClInclude>
    <ClInclude Include="..\..\contrib\poly2tri\poly2tri\sweep\cdt.h">
      <Filter>sources\extern\poly2tri</Filter>
    </ClInclude>
    <ClInclude Include="..\..\contrib\poly2tri\poly2tri\poly2tri.h">
      <Filter>sources\extern\poly2tri</Filter>
    </ClInclude>
    <ClInclude Include="..\..\contrib\poly2tri\poly2tri\common\shapes.h">
      <Filter>sources\extern\poly2tri</Filter>
    </ClInclude>
    <ClInclude Include="..\..\contrib\poly2tri\poly2tri\sweep\sweep.h">
      <Filter>sources\extern\poly2tri</Filter>
    </ClInclude>
    <ClInclude Include="..\..\contrib\poly2tri\poly2tri\sweep\sweep_context.h">
      <Filter>sources\extern\poly2tri</Filter>
    </ClInclude>
    <ClInclude Include="..\..\contrib\poly2tri\poly2tri\common\utils.h">
      <Filter>sources\extern\poly2tri</Filter>
    </ClInclude>
    <ClInclude Include="..\..\contrib\clipper\clipper.hpp">
      <Filter>sources\extern\clipper</Filter>
    </ClInclude>
    <ClInclude Include="..\..\code\BoostWorkaround\boost\foreach.hpp">
      <Filter>sources\noboost</Filter>
    </ClInclude>
    <ClInclude Include="..\..\code\BoostWorkaround\boost\format.hpp">
      <Filter>sources\noboost</Filter>
    </ClInclude>
    <ClInclude Include="..\..\code\BoostWorkaround\boost\lexical_cast.hpp">
      <Filter>sources\noboost</Filter>
    </ClInclude>
    <ClInclude Include="..\..\code\BoostWorkaround\boost\make_shared.hpp">
      <Filter>sources\noboost</Filter>
    </ClInclude>
    <ClInclude Include="..\..\code\BoostWorkaround\boost\pointer_cast.hpp">
      <Filter>sources\noboost</Filter>
    </ClInclude>
    <ClInclude Include="..\..\code\BoostWorkaround\boost\scoped_array.hpp">
      <Filter>sources\noboost</Filter>
    </ClInclude>
    <ClInclude Include="..\..\code\BoostWorkaround\boost\scoped_ptr.hpp">
      <Filter>sources\noboost</Filter>
    </ClInclude>
    <ClInclude Include="..\..\code\BoostWorkaround\boost\shared_array.hpp">
      <Filter>sources\noboost</Filter>
    </ClInclude>
    <ClInclude Include="..\..\code\BoostWorkaround\boost\shared_ptr.hpp">
      <Filter>sources\noboost</Filter>
    </ClInclude>
    <ClInclude Include="..\..\code\BoostWorkaround\boost\static_assert.hpp">
      <Filter>sources\noboost</Filter>
    </ClInclude>
    <ClInclude Include="..\..\code\BoostWorkaround\boost\tuple\tuple.hpp">
      <Filter>sources\noboost\tuple</Filter>
    </ClInclude>
    <ClInclude Include="..\..\code\BoostWorkaround\boost\math\common_factor_rt.hpp">
      <Filter>sources\noboost\math</Filter>
    </ClInclude>
    <ClInclude Include="..\..\code\BlobIOSystem.h">
      <Filter>sources\core_export</Filter>
    </ClInclude>
    <ClInclude Include="..\..\code\ColladaExporter.h">
      <Filter>sources\exporters\collada</Filter>
    </ClInclude>
    <ClInclude Include="..\..\code\ObjExporter.h">
      <Filter>sources\exporters\obj</Filter>
    </ClInclude>
    <ClInclude Include="..\..\code\STLExporter.h">
      <Filter>sources\exporters\stl</Filter>
    </ClInclude>
    <ClInclude Include="..\..\code\PlyExporter.h">
      <Filter>sources\exporters\ply</Filter>
    </ClInclude>
    <ClInclude Include="..\..\doc\dox.h">
      <Filter>doc</Filter>
    </ClInclude>
    <ClInclude Include="..\..\code\res\resource.h">
      <Filter>resources</Filter>
    </ClInclude>
  </ItemGroup>
  <ItemGroup>
    <None Include="..\..\include\assimp\color4.inl">
      <Filter>include\Common</Filter>
    </None>
    <None Include="..\..\include\assimp\material.inl">
      <Filter>include\Common</Filter>
    </None>
    <None Include="..\..\include\assimp\matrix3x3.inl">
      <Filter>include\Common</Filter>
    </None>
    <None Include="..\..\include\assimp\matrix4x4.inl">
      <Filter>include\Common</Filter>
    </None>
    <None Include="..\..\include\assimp\quaternion.inl">
      <Filter>include\Common</Filter>
    </None>
    <None Include="..\..\include\assimp\vector2.inl">
      <Filter>include\Common</Filter>
    </None>
    <None Include="..\..\include\assimp\vector3.inl">
      <Filter>include\Common</Filter>
    </None>
    <None Include="..\..\code\BlenderDNA.inl">
      <Filter>sources\importers\blend</Filter>
    </None>
    <None Include="..\..\code\SmoothingGroups.inl">
      <Filter>sources\core_import</Filter>
    </None>
  </ItemGroup>
  <ItemGroup>
    <ClCompile Include="..\..\code\3DSConverter.cpp">
      <Filter>sources\importers\3ds</Filter>
    </ClCompile>
    <ClCompile Include="..\..\code\3DSLoader.cpp">
      <Filter>sources\importers\3ds</Filter>
    </ClCompile>
    <ClCompile Include="..\..\code\ASELoader.cpp">
      <Filter>sources\importers\ase</Filter>
    </ClCompile>
    <ClCompile Include="..\..\code\ASEParser.cpp">
      <Filter>sources\importers\ase</Filter>
    </ClCompile>
    <ClCompile Include="..\..\code\HMPLoader.cpp">
      <Filter>sources\importers\hmp</Filter>
    </ClCompile>
    <ClCompile Include="..\..\code\LWOBLoader.cpp">
      <Filter>sources\importers\lwo</Filter>
    </ClCompile>
    <ClCompile Include="..\..\code\LWOLoader.cpp">
      <Filter>sources\importers\lwo</Filter>
    </ClCompile>
    <ClCompile Include="..\..\code\LWOMaterial.cpp">
      <Filter>sources\importers\lwo</Filter>
    </ClCompile>
    <ClCompile Include="..\..\code\MD3Loader.cpp">
      <Filter>sources\importers\md3</Filter>
    </ClCompile>
    <ClCompile Include="..\..\code\MD5Loader.cpp">
      <Filter>sources\importers\md5</Filter>
    </ClCompile>
    <ClCompile Include="..\..\code\MD5Parser.cpp">
      <Filter>sources\importers\md5</Filter>
    </ClCompile>
    <ClCompile Include="..\..\code\MDCLoader.cpp">
      <Filter>sources\importers\mdc</Filter>
    </ClCompile>
    <ClCompile Include="..\..\code\MDLLoader.cpp">
      <Filter>sources\importers\mdl</Filter>
    </ClCompile>
    <ClCompile Include="..\..\code\MDLMaterialLoader.cpp">
      <Filter>sources\importers\mdl</Filter>
    </ClCompile>
    <ClCompile Include="..\..\code\ObjFileImporter.cpp">
      <Filter>sources\importers\obj</Filter>
    </ClCompile>
    <ClCompile Include="..\..\code\ObjFileMtlImporter.cpp">
      <Filter>sources\importers\obj</Filter>
    </ClCompile>
    <ClCompile Include="..\..\code\ObjFileParser.cpp">
      <Filter>sources\importers\obj</Filter>
    </ClCompile>
    <ClCompile Include="..\..\code\PlyLoader.cpp">
      <Filter>sources\importers\ply</Filter>
    </ClCompile>
    <ClCompile Include="..\..\code\PlyParser.cpp">
      <Filter>sources\importers\ply</Filter>
    </ClCompile>
    <ClCompile Include="..\..\code\SMDLoader.cpp">
      <Filter>sources\importers\smd</Filter>
    </ClCompile>
    <ClCompile Include="..\..\code\STLLoader.cpp">
      <Filter>sources\importers\stl</Filter>
    </ClCompile>
    <ClCompile Include="..\..\code\XFileImporter.cpp">
      <Filter>sources\importers\x</Filter>
    </ClCompile>
    <ClCompile Include="..\..\code\XFileParser.cpp">
      <Filter>sources\importers\x</Filter>
    </ClCompile>
    <ClCompile Include="..\..\code\DXFLoader.cpp">
      <Filter>sources\importers\dxf</Filter>
    </ClCompile>
    <ClCompile Include="..\..\code\RawLoader.cpp">
      <Filter>sources\importers\raw</Filter>
    </ClCompile>
    <ClCompile Include="..\..\code\NFFLoader.cpp">
      <Filter>sources\importers\nff</Filter>
    </ClCompile>
    <ClCompile Include="..\..\code\OFFLoader.cpp">
      <Filter>sources\importers\off</Filter>
    </ClCompile>
    <ClCompile Include="..\..\code\ACLoader.cpp">
      <Filter>sources\importers\ac</Filter>
    </ClCompile>
    <ClCompile Include="..\..\code\LWOAnimation.cpp">
      <Filter>sources\importers\lws</Filter>
    </ClCompile>
    <ClCompile Include="..\..\code\LWSLoader.cpp">
      <Filter>sources\importers\lws</Filter>
    </ClCompile>
    <ClCompile Include="..\..\code\BVHLoader.cpp">
      <Filter>sources\importers\bvh</Filter>
    </ClCompile>
    <ClCompile Include="..\..\code\IRRMeshLoader.cpp">
      <Filter>sources\importers\irrmesh</Filter>
    </ClCompile>
    <ClCompile Include="..\..\code\IRRLoader.cpp">
      <Filter>sources\importers\irr</Filter>
    </ClCompile>
    <ClCompile Include="..\..\code\IRRShared.cpp">
      <Filter>sources\importers\irr</Filter>
    </ClCompile>
    <ClCompile Include="..\..\code\Q3DLoader.cpp">
      <Filter>sources\importers\q3d</Filter>
    </ClCompile>
    <ClCompile Include="..\..\code\B3DImporter.cpp">
      <Filter>sources\importers\b3d</Filter>
    </ClCompile>
    <ClCompile Include="..\..\code\ColladaLoader.cpp">
      <Filter>sources\importers\collada</Filter>
    </ClCompile>
    <ClCompile Include="..\..\code\ColladaParser.cpp">
      <Filter>sources\importers\collada</Filter>
    </ClCompile>
    <ClCompile Include="..\..\code\TerragenLoader.cpp">
      <Filter>sources\importers\ter</Filter>
    </ClCompile>
    <ClCompile Include="..\..\code\CSMLoader.cpp">
      <Filter>sources\importers\csm</Filter>
    </ClCompile>
    <ClCompile Include="..\..\code\UnrealLoader.cpp">
      <Filter>sources\importers\unreal</Filter>
    </ClCompile>
    <ClCompile Include="..\..\code\NDOLoader.cpp">
      <Filter>sources\importers\ndo</Filter>
    </ClCompile>
    <ClCompile Include="..\..\code\OgreImporter.cpp">
      <Filter>sources\importers\ogre</Filter>
    </ClCompile>
    <ClCompile Include="..\..\code\OgreMaterial.cpp">
      <Filter>sources\importers\ogre</Filter>
    </ClCompile>
    <ClCompile Include="..\..\code\OgreMesh.cpp">
      <Filter>sources\importers\ogre</Filter>
    </ClCompile>
    <ClCompile Include="..\..\code\OgreSkeleton.cpp">
      <Filter>sources\importers\ogre</Filter>
    </ClCompile>
    <ClCompile Include="..\..\code\MS3DLoader.cpp">
      <Filter>sources\importers\ms3d</Filter>
    </ClCompile>
    <ClCompile Include="..\..\code\COBLoader.cpp">
      <Filter>sources\importers\cob</Filter>
    </ClCompile>
    <ClCompile Include="..\..\code\BlenderDNA.cpp">
      <Filter>sources\importers\blend</Filter>
    </ClCompile>
    <ClCompile Include="..\..\code\BlenderLoader.cpp">
      <Filter>sources\importers\blend</Filter>
    </ClCompile>
    <ClCompile Include="..\..\code\BlenderModifier.cpp">
      <Filter>sources\importers\blend</Filter>
    </ClCompile>
    <ClCompile Include="..\..\code\BlenderScene.cpp">
      <Filter>sources\importers\blend</Filter>
    </ClCompile>
    <ClCompile Include="..\..\code\Q3BSPFileImporter.cpp">
      <Filter>sources\importers\q3bsp</Filter>
    </ClCompile>
    <ClCompile Include="..\..\code\Q3BSPFileParser.cpp">
      <Filter>sources\importers\q3bsp</Filter>
    </ClCompile>
    <ClCompile Include="..\..\code\Q3BSPZipArchive.cpp">
      <Filter>sources\importers\q3bsp</Filter>
    </ClCompile>
    <ClCompile Include="..\..\code\MD2Loader.cpp">
      <Filter>sources\importers\md2</Filter>
    </ClCompile>
    <ClCompile Include="..\..\code\IFCCurve.cpp">
      <Filter>sources\importers\ifc</Filter>
    </ClCompile>
    <ClCompile Include="..\..\code\IFCGeometry.cpp">
      <Filter>sources\importers\ifc</Filter>
    </ClCompile>
    <ClCompile Include="..\..\code\IFCLoader.cpp">
      <Filter>sources\importers\ifc</Filter>
    </ClCompile>
    <ClCompile Include="..\..\code\IFCMaterial.cpp">
      <Filter>sources\importers\ifc</Filter>
    </ClCompile>
    <ClCompile Include="..\..\code\IFCProfile.cpp">
      <Filter>sources\importers\ifc</Filter>
    </ClCompile>
    <ClCompile Include="..\..\code\IFCReaderGen.cpp">
      <Filter>sources\importers\ifc</Filter>
    </ClCompile>
    <ClCompile Include="..\..\code\IFCUtil.cpp">
      <Filter>sources\importers\ifc</Filter>
    </ClCompile>
    <ClCompile Include="..\..\code\STEPFileReader.cpp">
      <Filter>sources\importers\ifc</Filter>
    </ClCompile>
    <ClCompile Include="..\..\code\M3Importer.cpp">
      <Filter>sources\importers\m3</Filter>
    </ClCompile>
    <ClCompile Include="..\..\code\XGLLoader.cpp">
      <Filter>sources\importers\xgl</Filter>
    </ClCompile>
    <ClCompile Include="..\..\code\BaseProcess.cpp">
      <Filter>sources\postprocessing</Filter>
    </ClCompile>
    <ClCompile Include="..\..\code\CalcTangentsProcess.cpp">
      <Filter>sources\postprocessing</Filter>
    </ClCompile>
    <ClCompile Include="..\..\code\ComputeUVMappingProcess.cpp">
      <Filter>sources\postprocessing</Filter>
    </ClCompile>
    <ClCompile Include="..\..\code\ConvertToLHProcess.cpp">
      <Filter>sources\postprocessing</Filter>
    </ClCompile>
    <ClCompile Include="..\..\code\DeboneProcess.cpp">
      <Filter>sources\postprocessing</Filter>
    </ClCompile>
    <ClCompile Include="..\..\code\FindDegenerates.cpp">
      <Filter>sources\postprocessing</Filter>
    </ClCompile>
    <ClCompile Include="..\..\code\FindInstancesProcess.cpp">
      <Filter>sources\postprocessing</Filter>
    </ClCompile>
    <ClCompile Include="..\..\code\FindInvalidDataProcess.cpp">
      <Filter>sources\postprocessing</Filter>
    </ClCompile>
    <ClCompile Include="..\..\code\FixNormalsStep.cpp">
      <Filter>sources\postprocessing</Filter>
    </ClCompile>
    <ClCompile Include="..\..\code\GenFaceNormalsProcess.cpp">
      <Filter>sources\postprocessing</Filter>
    </ClCompile>
    <ClCompile Include="..\..\code\GenVertexNormalsProcess.cpp">
      <Filter>sources\postprocessing</Filter>
    </ClCompile>
    <ClCompile Include="..\..\code\ImproveCacheLocality.cpp">
      <Filter>sources\postprocessing</Filter>
    </ClCompile>
    <ClCompile Include="..\..\code\JoinVerticesProcess.cpp">
      <Filter>sources\postprocessing</Filter>
    </ClCompile>
    <ClCompile Include="..\..\code\LimitBoneWeightsProcess.cpp">
      <Filter>sources\postprocessing</Filter>
    </ClCompile>
    <ClCompile Include="..\..\code\MakeVerboseFormat.cpp">
      <Filter>sources\postprocessing</Filter>
    </ClCompile>
    <ClCompile Include="..\..\code\OptimizeGraph.cpp">
      <Filter>sources\postprocessing</Filter>
    </ClCompile>
    <ClCompile Include="..\..\code\OptimizeMeshes.cpp">
      <Filter>sources\postprocessing</Filter>
    </ClCompile>
    <ClCompile Include="..\..\code\PretransformVertices.cpp">
      <Filter>sources\postprocessing</Filter>
    </ClCompile>
    <ClCompile Include="..\..\code\ProcessHelper.cpp">
      <Filter>sources\postprocessing</Filter>
    </ClCompile>
    <ClCompile Include="..\..\code\RemoveRedundantMaterials.cpp">
      <Filter>sources\postprocessing</Filter>
    </ClCompile>
    <ClCompile Include="..\..\code\RemoveVCProcess.cpp">
      <Filter>sources\postprocessing</Filter>
    </ClCompile>
    <ClCompile Include="..\..\code\SortByPTypeProcess.cpp">
      <Filter>sources\postprocessing</Filter>
    </ClCompile>
    <ClCompile Include="..\..\code\SplitByBoneCountProcess.cpp">
      <Filter>sources\postprocessing</Filter>
    </ClCompile>
    <ClCompile Include="..\..\code\SplitLargeMeshes.cpp">
      <Filter>sources\postprocessing</Filter>
    </ClCompile>
    <ClCompile Include="..\..\code\TextureTransform.cpp">
      <Filter>sources\postprocessing</Filter>
    </ClCompile>
    <ClCompile Include="..\..\code\TriangulateProcess.cpp">
      <Filter>sources\postprocessing</Filter>
    </ClCompile>
    <ClCompile Include="..\..\code\ValidateDataStructure.cpp">
      <Filter>sources\postprocessing</Filter>
    </ClCompile>
    <ClCompile Include="..\..\code\AssimpPCH.cpp">
      <Filter>sources\core</Filter>
    </ClCompile>
    <ClCompile Include="..\..\code\MaterialSystem.cpp">
      <Filter>sources\core</Filter>
    </ClCompile>
    <ClCompile Include="..\..\code\StandardShapes.cpp">
      <Filter>sources\core</Filter>
    </ClCompile>
    <ClCompile Include="..\..\code\DefaultLogger.cpp">
      <Filter>sources\logging</Filter>
    </ClCompile>
    <ClCompile Include="..\..\code\DefaultIOStream.cpp">
      <Filter>sources\filesystem</Filter>
    </ClCompile>
    <ClCompile Include="..\..\code\DefaultIOSystem.cpp">
      <Filter>sources\filesystem</Filter>
    </ClCompile>
    <ClCompile Include="..\..\code\Assimp.cpp">
      <Filter>sources\core_import</Filter>
    </ClCompile>
    <ClCompile Include="..\..\code\BaseImporter.cpp">
      <Filter>sources\core_import</Filter>
    </ClCompile>
    <ClCompile Include="..\..\code\Importer.cpp">
      <Filter>sources\core_import</Filter>
    </ClCompile>
    <ClCompile Include="..\..\code\ImporterRegistry.cpp">
      <Filter>sources\core_import</Filter>
    </ClCompile>
    <ClCompile Include="..\..\code\PostStepRegistry.cpp">
      <Filter>sources\core_import</Filter>
    </ClCompile>
    <ClCompile Include="..\..\code\RemoveComments.cpp">
      <Filter>sources\core_import</Filter>
    </ClCompile>
    <ClCompile Include="..\..\code\SceneCombiner.cpp">
      <Filter>sources\core_import</Filter>
    </ClCompile>
    <ClCompile Include="..\..\code\ScenePreprocessor.cpp">
      <Filter>sources\core_import</Filter>
    </ClCompile>
    <ClCompile Include="..\..\code\SGSpatialSort.cpp">
      <Filter>sources\core_import</Filter>
    </ClCompile>
    <ClCompile Include="..\..\code\SkeletonMeshBuilder.cpp">
      <Filter>sources\core_import</Filter>
    </ClCompile>
    <ClCompile Include="..\..\code\SpatialSort.cpp">
      <Filter>sources\core_import</Filter>
    </ClCompile>
    <ClCompile Include="..\..\code\Subdivision.cpp">
      <Filter>sources\core_import</Filter>
    </ClCompile>
    <ClCompile Include="..\..\code\TargetAnimation.cpp">
      <Filter>sources\core_import</Filter>
    </ClCompile>
    <ClCompile Include="..\..\code\VertexTriangleAdjacency.cpp">
      <Filter>sources\core_import</Filter>
    </ClCompile>
    <ClCompile Include="..\..\contrib\irrXML\irrXML.cpp">
      <Filter>sources\extern\irrXML</Filter>
    </ClCompile>
    <ClCompile Include="..\..\contrib\zlib\adler32.c">
      <Filter>sources\extern\zLib</Filter>
    </ClCompile>
    <ClCompile Include="..\..\contrib\zlib\crc32.c">
      <Filter>sources\extern\zLib</Filter>
    </ClCompile>
    <ClCompile Include="..\..\contrib\zlib\inffast.c">
      <Filter>sources\extern\zLib</Filter>
    </ClCompile>
    <ClCompile Include="..\..\contrib\zlib\inflate.c">
      <Filter>sources\extern\zLib</Filter>
    </ClCompile>
    <ClCompile Include="..\..\contrib\zlib\inftrees.c">
      <Filter>sources\extern\zLib</Filter>
    </ClCompile>
    <ClCompile Include="..\..\contrib\unzip\ioapi.c">
      <Filter>sources\extern\zLib</Filter>
    </ClCompile>
    <ClCompile Include="..\..\contrib\unzip\unzip.c">
      <Filter>sources\extern\zLib</Filter>
    </ClCompile>
    <ClCompile Include="..\..\contrib\zlib\zutil.c">
      <Filter>sources\extern\zLib</Filter>
    </ClCompile>
    <ClCompile Include="..\..\contrib\ConvertUTF\ConvertUTF.c">
      <Filter>sources\extern\ConvertUTF</Filter>
    </ClCompile>
    <ClCompile Include="..\..\contrib\poly2tri\poly2tri\sweep\advancing_front.cc">
      <Filter>sources\extern\poly2tri</Filter>
    </ClCompile>
    <ClCompile Include="..\..\contrib\poly2tri\poly2tri\sweep\cdt.cc">
      <Filter>sources\extern\poly2tri</Filter>
    </ClCompile>
    <ClCompile Include="..\..\contrib\poly2tri\poly2tri\common\shapes.cc">
      <Filter>sources\extern\poly2tri</Filter>
    </ClCompile>
    <ClCompile Include="..\..\contrib\poly2tri\poly2tri\sweep\sweep.cc">
      <Filter>sources\extern\poly2tri</Filter>
    </ClCompile>
    <ClCompile Include="..\..\contrib\poly2tri\poly2tri\sweep\sweep_context.cc">
      <Filter>sources\extern\poly2tri</Filter>
    </ClCompile>
    <ClCompile Include="..\..\contrib\clipper\clipper.cpp">
      <Filter>sources\extern\clipper</Filter>
    </ClCompile>
    <ClCompile Include="..\..\code\AssimpCExport.cpp">
      <Filter>sources\core_export</Filter>
    </ClCompile>
    <ClCompile Include="..\..\code\Exporter.cpp">
      <Filter>sources\core_export</Filter>
    </ClCompile>
    <ClCompile Include="..\..\code\ColladaExporter.cpp">
      <Filter>sources\exporters\collada</Filter>
    </ClCompile>
    <ClCompile Include="..\..\code\ObjExporter.cpp">
      <Filter>sources\exporters\obj</Filter>
    </ClCompile>
    <ClCompile Include="..\..\code\STLExporter.cpp">
      <Filter>sources\exporters\stl</Filter>
    </ClCompile>
    <ClCompile Include="..\..\code\PlyExporter.cpp">
      <Filter>sources\exporters\ply</Filter>
    </ClCompile>
  </ItemGroup>
  <ItemGroup>
    <Xml Include="..\..\doc\datastructure.xml">
      <Filter>doc</Filter>
    </Xml>
  </ItemGroup>
  <ItemGroup>
    <Text Include="..\..\doc\Preamble.txt">
      <Filter>doc</Filter>
    </Text>
  </ItemGroup>
  <ItemGroup>
    <ResourceCompile Include="..\..\code\res\assimp.rc">
      <Filter>resources</Filter>
    </ResourceCompile>
  </ItemGroup>
</Project>