<?xml version="1.0" encoding="utf-8"?>
<Project ToolsVersion="4.0" xmlns="http://schemas.microsoft.com/developer/msbuild/2003">
  <ItemGroup>
    <Filter Include="Source Files">
      <UniqueIdentifier>{4FC737F1-C7A5-4376-A066-2A32D752A2FF}</UniqueIdentifier>
      <Extensions>cpp;c;cc;cxx;def;odl;idl;hpj;bat;asm;asmx</Extensions>
    </Filter>
    <Filter Include="Header Files">
      <UniqueIdentifier>{93995380-89BD-4b04-88EB-625FBE52EBFB}</UniqueIdentifier>
      <Extensions>h;hpp;hxx;hm;inl;inc;xsd</Extensions>
    </Filter>
    <Filter Include="Header Files\Mesh">
      <UniqueIdentifier>{b9b45e49-5878-4d85-a090-e35fa60ed83e}</UniqueIdentifier>
    </Filter>
    <Filter Include="Source Files\Mesh">
      <UniqueIdentifier>{2dc959a2-b273-4f0e-894e-c4d7f43ca8eb}</UniqueIdentifier>
    </Filter>
    <Filter Include="Header Files\Assimp_Helpers">
      <UniqueIdentifier>{acba1a34-4fe9-4a89-97ef-3fcbcb6207ae}</UniqueIdentifier>
    </Filter>
  </ItemGroup>
  <ItemGroup>
    <ClInclude Include="Shaders.h">
      <Filter>Header Files</Filter>
    </ClInclude>
    <ClInclude Include="cBaseD3D.h">
      <Filter>Header Files</Filter>
    </ClInclude>
    <ClInclude Include="Globals_GraphicsCore.h">
      <Filter>Header Files</Filter>
    </ClInclude>
    <ClInclude Include="GraphicsCore.h">
      <Filter>Header Files</Filter>
    </ClInclude>
    <ClInclude Include="Post_Pass.h">
      <Filter>Header Files</Filter>
    </ClInclude>
    <ClInclude Include="Debug.h">
      <Filter>Header Files</Filter>
    </ClInclude>
    <ClInclude Include="FXAA.h">
      <Filter>Header Files</Filter>
    </ClInclude>
    <ClInclude Include="UI_Camera.h">
      <Filter>Header Files</Filter>
    </ClInclude>
    <ClInclude Include="cAnimationController.h">
      <Filter>Header Files\Mesh</Filter>
    </ClInclude>
    <ClInclude Include="MeshTypes.h">
      <Filter>Header Files\Mesh</Filter>
    </ClInclude>
    <ClInclude Include="Base_Mesh.h">
      <Filter>Header Files\Mesh</Filter>
    </ClInclude>
    <ClInclude Include="Static_Mesh.h">
      <Filter>Header Files\Mesh</Filter>
    </ClInclude>
    <ClInclude Include="Base_Camera.h">
      <Filter>Header Files</Filter>
    </ClInclude>
    <ClInclude Include="BV_Mesh.h">
      <Filter>Header Files\Mesh</Filter>
    </ClInclude>
    <ClInclude Include="Trans_Mesh.h">
      <Filter>Header Files\Mesh</Filter>
    </ClInclude>
    <ClInclude Include="Animated_Mesh.h">
      <Filter>Header Files\Mesh</Filter>
    </ClInclude>
    <ClInclude Include="Assimp_Helper.h">
      <Filter>Header Files\Assimp_Helpers</Filter>
    </ClInclude>
    <ClInclude Include="Batch.h">
      <Filter>Header Files\Mesh</Filter>
    </ClInclude>
    <ClInclude Include="stdafx.h">
      <Filter>Header Files</Filter>
    </ClInclude>
  </ItemGroup>
  <ItemGroup>
    <ClCompile Include="GraphicsCore.cpp">
      <Filter>Source Files</Filter>
    </ClCompile>
    <ClCompile Include="cBaseD3D.cpp">
      <Filter>Source Files</Filter>
    </ClCompile>
    <ClCompile Include="Globals_GraphicsCore.cpp">
      <Filter>Source Files</Filter>
    </ClCompile>
    <ClCompile Include="FXAA.cpp">
      <Filter>Source Files</Filter>
    </ClCompile>
    <ClCompile Include="stdafx.cpp">
      <Filter>Source Files</Filter>
    </ClCompile>
    <ClCompile Include="UI_Camera.cpp">
      <Filter>Source Files</Filter>
    </ClCompile>
    <ClCompile Include="cAnimationController.cpp">
      <Filter>Source Files\Mesh</Filter>
    </ClCompile>
    <ClCompile Include="MeshTypes.cpp">
      <Filter>Source Files\Mesh</Filter>
    </ClCompile>
    <ClCompile Include="Base_Mesh.cpp">
      <Filter>Source Files\Mesh</Filter>
    </ClCompile>
    <ClCompile Include="Static_Mesh.cpp">
      <Filter>Source Files\Mesh</Filter>
    </ClCompile>
    <ClCompile Include="Base_Camera.cpp">
      <Filter>Source Files</Filter>
    </ClCompile>
    <ClCompile Include="BV_Mesh.cpp">
      <Filter>Source Files\Mesh</Filter>
    </ClCompile>
    <ClCompile Include="Trans_Mesh.cpp">
      <Filter>Source Files\Mesh</Filter>
    </ClCompile>
    <ClCompile Include="Animated_Mesh.cpp">
      <Filter>Source Files\Mesh</Filter>
    </ClCompile>
    <ClCompile Include="Batch.cpp">
      <Filter>Source Files\Mesh</Filter>
    </ClCompile>
  </ItemGroup>
  <ItemGroup>
    <FxCompile Include="..\Assets\Shaders\Static_Mesh.fx">
      <Filter>Source Files\Mesh</Filter>
    </FxCompile>
    <FxCompile Include="..\Assets\Shaders\Animated_Mesh.fx">
      <Filter>Source Files\Mesh</Filter>
    </FxCompile>
  </ItemGroup>
</Project>